{
  "version": 4,
  "terraform_version": "1.1.6",
  "serial": 1615,
  "lineage": "698c0a6b-77b2-dca3-bba4-54af70724ac2",
  "outputs": {},
  "resources": [
    {
      "module": "module.venus_alb",
      "mode": "managed",
      "type": "aws_lb",
      "name": "Venus",
      "provider": "provider[\"registry.terraform.io/hashicorp/aws\"]",
      "instances": [
        {
          "schema_version": 0,
          "attributes": {
            "access_logs": [
              {
                "bucket": "",
                "enabled": false,
                "prefix": ""
              }
            ],
            "arn": "arn:aws:elasticloadbalancing:ca-central-1:350358714376:loadbalancer/app/Venus-test-alb/78cdf254b4486054",
            "arn_suffix": "app/Venus-test-alb/78cdf254b4486054",
            "customer_owned_ipv4_pool": "",
            "desync_mitigation_mode": "defensive",
            "dns_name": "Venus-test-alb-1212552904.ca-central-1.elb.amazonaws.com",
            "drop_invalid_header_fields": false,
            "enable_cross_zone_load_balancing": null,
            "enable_deletion_protection": false,
            "enable_http2": true,
            "enable_waf_fail_open": false,
            "id": "arn:aws:elasticloadbalancing:ca-central-1:350358714376:loadbalancer/app/Venus-test-alb/78cdf254b4486054",
            "idle_timeout": 60,
            "internal": false,
            "ip_address_type": "ipv4",
            "load_balancer_type": "application",
            "name": "Venus-test-alb",
            "name_prefix": null,
            "security_groups": [
              "sg-05f2d718a27f26583"
            ],
            "subnet_mapping": [
              {
                "allocation_id": "",
                "ipv6_address": "",
                "outpost_id": "",
                "private_ipv4_address": "",
                "subnet_id": "subnet-0b310ce2fabb33b02"
              },
              {
                "allocation_id": "",
                "ipv6_address": "",
                "outpost_id": "",
                "private_ipv4_address": "",
                "subnet_id": "subnet-0df705ffec678c435"
              }
            ],
            "subnets": [
              "subnet-0b310ce2fabb33b02",
              "subnet-0df705ffec678c435"
            ],
            "tags": {
              "Name": "Venus-test-alb"
            },
            "tags_all": {
              "Name": "Venus-test-alb"
            },
            "timeouts": null,
            "vpc_id": "vpc-0bd3c01b874794c23",
            "zone_id": "ZQSVJUPU6J1EY"
          },
          "sensitive_attributes": [],
          "private": "eyJlMmJmYjczMC1lY2FhLTExZTYtOGY4OC0zNDM2M2JjN2M0YzAiOnsiY3JlYXRlIjo2MDAwMDAwMDAwMDAsImRlbGV0ZSI6NjAwMDAwMDAwMDAwLCJ1cGRhdGUiOjYwMDAwMDAwMDAwMH19",
          "dependencies": [
            "module.venus_alb.module.alb_sg.aws_security_group.alb_sg",
            "module.vpc.aws_vpc.main",
            "module.vpc.module.public_subnets.aws_subnet.subnet"
          ]
        }
      ]
    },
    {
      "module": "module.venus_alb",
      "mode": "managed",
      "type": "aws_lb_listener",
      "name": "back_end",
      "provider": "provider[\"registry.terraform.io/hashicorp/aws\"]",
      "instances": [
        {
          "schema_version": 0,
          "attributes": {
            "alpn_policy": null,
            "arn": "arn:aws:elasticloadbalancing:ca-central-1:350358714376:listener/app/Venus-test-alb/78cdf254b4486054/8c44cb786f6d83f2",
            "certificate_arn": null,
            "default_action": [
              {
                "authenticate_cognito": [],
                "authenticate_oidc": [],
                "fixed_response": [],
                "forward": [],
                "order": 1,
                "redirect": [],
                "target_group_arn": "arn:aws:elasticloadbalancing:ca-central-1:350358714376:targetgroup/tf-alb-tg-be/62f01681d08861de",
                "type": "forward"
              }
            ],
            "id": "arn:aws:elasticloadbalancing:ca-central-1:350358714376:listener/app/Venus-test-alb/78cdf254b4486054/8c44cb786f6d83f2",
            "load_balancer_arn": "arn:aws:elasticloadbalancing:ca-central-1:350358714376:loadbalancer/app/Venus-test-alb/78cdf254b4486054",
            "port": 8080,
            "protocol": "HTTP",
            "ssl_policy": "",
            "tags": {},
            "tags_all": {},
            "timeouts": null
          },
          "sensitive_attributes": [],
          "private": "eyJlMmJmYjczMC1lY2FhLTExZTYtOGY4OC0zNDM2M2JjN2M0YzAiOnsicmVhZCI6NjAwMDAwMDAwMDAwfX0=",
          "dependencies": [
            "module.venus_alb.aws_lb.Venus",
            "module.venus_alb.aws_lb_target_group.alb_tg_BE",
            "module.venus_alb.module.alb_sg.aws_security_group.alb_sg",
            "module.vpc.aws_vpc.main",
            "module.vpc.module.public_subnets.aws_subnet.subnet"
          ]
        }
      ]
    },
    {
      "module": "module.venus_alb",
      "mode": "managed",
      "type": "aws_lb_listener",
      "name": "front_end",
      "provider": "provider[\"registry.terraform.io/hashicorp/aws\"]",
      "instances": [
        {
          "schema_version": 0,
          "attributes": {
            "alpn_policy": null,
            "arn": "arn:aws:elasticloadbalancing:ca-central-1:350358714376:listener/app/Venus-test-alb/78cdf254b4486054/7644bdcf3c5bdb4d",
            "certificate_arn": null,
            "default_action": [
              {
                "authenticate_cognito": [],
                "authenticate_oidc": [],
                "fixed_response": [],
                "forward": [],
                "order": 1,
                "redirect": [],
                "target_group_arn": "arn:aws:elasticloadbalancing:ca-central-1:350358714376:targetgroup/tf-alb-tg-fe/f29cd9ee658c8c97",
                "type": "forward"
              }
            ],
            "id": "arn:aws:elasticloadbalancing:ca-central-1:350358714376:listener/app/Venus-test-alb/78cdf254b4486054/7644bdcf3c5bdb4d",
            "load_balancer_arn": "arn:aws:elasticloadbalancing:ca-central-1:350358714376:loadbalancer/app/Venus-test-alb/78cdf254b4486054",
            "port": 80,
            "protocol": "HTTP",
            "ssl_policy": "",
            "tags": {},
            "tags_all": {},
            "timeouts": null
          },
          "sensitive_attributes": [],
          "private": "eyJlMmJmYjczMC1lY2FhLTExZTYtOGY4OC0zNDM2M2JjN2M0YzAiOnsicmVhZCI6NjAwMDAwMDAwMDAwfX0=",
          "dependencies": [
            "module.venus_alb.aws_lb.Venus",
            "module.venus_alb.aws_lb_target_group.alb_tg_FE",
            "module.venus_alb.module.alb_sg.aws_security_group.alb_sg",
            "module.vpc.aws_vpc.main",
            "module.vpc.module.public_subnets.aws_subnet.subnet"
          ]
        }
      ]
    },
    {
      "module": "module.venus_alb",
      "mode": "managed",
      "type": "aws_lb_target_group",
      "name": "alb_tg_BE",
      "provider": "provider[\"registry.terraform.io/hashicorp/aws\"]",
      "instances": [
        {
          "schema_version": 0,
          "attributes": {
            "arn": "arn:aws:elasticloadbalancing:ca-central-1:350358714376:targetgroup/tf-alb-tg-be/62f01681d08861de",
            "arn_suffix": "targetgroup/tf-alb-tg-be/62f01681d08861de",
            "connection_termination": false,
            "deregistration_delay": "300",
            "health_check": [
              {
                "enabled": true,
                "healthy_threshold": 5,
                "interval": 30,
                "matcher": "200",
                "path": "/",
                "port": "traffic-port",
                "protocol": "HTTP",
                "timeout": 5,
                "unhealthy_threshold": 2
              }
            ],
            "id": "arn:aws:elasticloadbalancing:ca-central-1:350358714376:targetgroup/tf-alb-tg-be/62f01681d08861de",
            "lambda_multi_value_headers_enabled": false,
            "load_balancing_algorithm_type": "round_robin",
            "name": "tf-alb-tg-be",
            "name_prefix": null,
            "port": 8080,
            "preserve_client_ip": null,
            "protocol": "HTTP",
            "protocol_version": "HTTP1",
            "proxy_protocol_v2": false,
            "slow_start": 0,
            "stickiness": [
              {
                "cookie_duration": 86400,
                "cookie_name": "",
                "enabled": false,
                "type": "lb_cookie"
              }
            ],
            "tags": {},
            "tags_all": {},
            "target_type": "instance",
            "vpc_id": "vpc-0bd3c01b874794c23"
          },
          "sensitive_attributes": [],
          "private": "bnVsbA==",
          "dependencies": [
            "module.vpc.aws_vpc.main"
          ]
        }
      ]
    },
    {
      "module": "module.venus_alb",
      "mode": "managed",
      "type": "aws_lb_target_group",
      "name": "alb_tg_FE",
      "provider": "provider[\"registry.terraform.io/hashicorp/aws\"]",
      "instances": [
        {
          "schema_version": 0,
          "attributes": {
            "arn": "arn:aws:elasticloadbalancing:ca-central-1:350358714376:targetgroup/tf-alb-tg-fe/f29cd9ee658c8c97",
            "arn_suffix": "targetgroup/tf-alb-tg-fe/f29cd9ee658c8c97",
            "connection_termination": false,
            "deregistration_delay": "300",
            "health_check": [
              {
                "enabled": true,
                "healthy_threshold": 5,
                "interval": 30,
                "matcher": "200",
                "path": "/",
                "port": "traffic-port",
                "protocol": "HTTP",
                "timeout": 5,
                "unhealthy_threshold": 2
              }
            ],
            "id": "arn:aws:elasticloadbalancing:ca-central-1:350358714376:targetgroup/tf-alb-tg-fe/f29cd9ee658c8c97",
            "lambda_multi_value_headers_enabled": false,
            "load_balancing_algorithm_type": "round_robin",
            "name": "tf-alb-tg-fe",
            "name_prefix": null,
            "port": 80,
            "preserve_client_ip": null,
            "protocol": "HTTP",
            "protocol_version": "HTTP1",
            "proxy_protocol_v2": false,
            "slow_start": 0,
            "stickiness": [
              {
                "cookie_duration": 86400,
                "cookie_name": "",
                "enabled": false,
                "type": "lb_cookie"
              }
            ],
            "tags": {},
            "tags_all": {},
            "target_type": "instance",
            "vpc_id": "vpc-0bd3c01b874794c23"
          },
          "sensitive_attributes": [],
          "private": "bnVsbA==",
          "dependencies": [
            "module.vpc.aws_vpc.main"
          ]
        }
      ]
    },
    {
      "module": "module.venus_alb.module.alb_sg",
      "mode": "managed",
      "type": "aws_security_group",
      "name": "alb_sg",
      "provider": "provider[\"registry.terraform.io/hashicorp/aws\"]",
      "instances": [
        {
          "schema_version": 1,
          "attributes": {
            "arn": "arn:aws:ec2:ca-central-1:350358714376:security-group/sg-05f2d718a27f26583",
            "description": "Venus ALB sg",
            "egress": [
              {
                "cidr_blocks": [
                  "0.0.0.0/0"
                ],
                "description": "",
                "from_port": 0,
                "ipv6_cidr_blocks": [],
                "prefix_list_ids": [],
                "protocol": "-1",
                "security_groups": [],
                "self": false,
                "to_port": 0
              }
            ],
            "id": "sg-05f2d718a27f26583",
            "ingress": [
              {
                "cidr_blocks": [
                  "0.0.0.0/0"
                ],
                "description": "",
                "from_port": 8080,
                "ipv6_cidr_blocks": [],
                "prefix_list_ids": [],
                "protocol": "tcp",
                "security_groups": [],
                "self": false,
                "to_port": 8080
              },
              {
                "cidr_blocks": [
                  "0.0.0.0/0"
                ],
                "description": "",
                "from_port": 80,
                "ipv6_cidr_blocks": [],
                "prefix_list_ids": [],
                "protocol": "tcp",
                "security_groups": [],
                "self": false,
                "to_port": 80
              }
            ],
            "name": "Venus ALB sg",
            "name_prefix": "",
            "owner_id": "350358714376",
            "revoke_rules_on_delete": false,
            "tags": {
              "Name": "Venus ALB sg"
            },
            "tags_all": {
              "Name": "Venus ALB sg"
            },
            "timeouts": null,
            "vpc_id": "vpc-0bd3c01b874794c23"
          },
          "sensitive_attributes": [],
          "private": "eyJlMmJmYjczMC1lY2FhLTExZTYtOGY4OC0zNDM2M2JjN2M0YzAiOnsiY3JlYXRlIjo2MDAwMDAwMDAwMDAsImRlbGV0ZSI6OTAwMDAwMDAwMDAwfSwic2NoZW1hX3ZlcnNpb24iOiIxIn0=",
          "dependencies": [
            "module.vpc.aws_vpc.main"
          ]
        }
      ]
    },
    {
      "module": "module.venus_asg",
      "mode": "managed",
      "type": "aws_autoscaling_policy",
      "name": "BE_Venus_scaling_policy",
      "provider": "provider[\"registry.terraform.io/hashicorp/aws\"]",
      "instances": []
    },
    {
      "module": "module.venus_asg",
      "mode": "managed",
      "type": "aws_autoscaling_policy",
      "name": "FE_Venus_scaling_policy",
      "provider": "provider[\"registry.terraform.io/hashicorp/aws\"]",
      "instances": []
    },
    {
      "module": "module.venus_asg.module.BE_instance_sg",
      "mode": "managed",
      "type": "aws_security_group",
      "name": "instance_sg",
      "provider": "provider[\"registry.terraform.io/hashicorp/aws\"]",
      "instances": [
        {
          "schema_version": 1,
          "attributes": {
            "arn": "arn:aws:ec2:ca-central-1:350358714376:security-group/sg-07b0e190af8185826",
            "description": "Venus BE Instance Security Group",
            "egress": [
              {
                "cidr_blocks": [
                  "0.0.0.0/0"
                ],
                "description": "",
                "from_port": 0,
                "ipv6_cidr_blocks": [],
                "prefix_list_ids": [],
                "protocol": "-1",
                "security_groups": [],
                "self": false,
                "to_port": 0
              }
            ],
            "id": "sg-07b0e190af8185826",
            "ingress": [
              {
                "cidr_blocks": [],
                "description": "",
                "from_port": 8080,
                "ipv6_cidr_blocks": [],
                "prefix_list_ids": [],
                "protocol": "tcp",
                "security_groups": [
                  "sg-05f2d718a27f26583"
                ],
                "self": false,
                "to_port": 8080
              }
            ],
            "name": "Venus BE instance test",
            "name_prefix": "",
            "owner_id": "350358714376",
            "revoke_rules_on_delete": false,
            "tags": {
              "Name": "Venus BE instance test"
            },
            "tags_all": {
              "Name": "Venus BE instance test"
            },
            "timeouts": null,
            "vpc_id": "vpc-0bd3c01b874794c23"
          },
          "sensitive_attributes": [],
          "private": "eyJlMmJmYjczMC1lY2FhLTExZTYtOGY4OC0zNDM2M2JjN2M0YzAiOnsiY3JlYXRlIjo2MDAwMDAwMDAwMDAsImRlbGV0ZSI6OTAwMDAwMDAwMDAwfSwic2NoZW1hX3ZlcnNpb24iOiIxIn0=",
          "dependencies": [
            "module.venus_alb.module.alb_sg.aws_security_group.alb_sg",
            "module.vpc.aws_vpc.main"
          ]
        }
      ]
    },
    {
      "module": "module.venus_asg.module.FE_instance_sg",
      "mode": "managed",
      "type": "aws_security_group",
      "name": "instance_sg",
      "provider": "provider[\"registry.terraform.io/hashicorp/aws\"]",
      "instances": [
        {
          "schema_version": 1,
          "attributes": {
            "arn": "arn:aws:ec2:ca-central-1:350358714376:security-group/sg-0e5506f5f5ac4d4a7",
            "description": "Venus FE Instance Security Group",
            "egress": [
              {
                "cidr_blocks": [
                  "0.0.0.0/0"
                ],
                "description": "",
                "from_port": 0,
                "ipv6_cidr_blocks": [],
                "prefix_list_ids": [],
                "protocol": "-1",
                "security_groups": [],
                "self": false,
                "to_port": 0
              }
            ],
            "id": "sg-0e5506f5f5ac4d4a7",
            "ingress": [
              {
                "cidr_blocks": [],
                "description": "",
                "from_port": 80,
                "ipv6_cidr_blocks": [],
                "prefix_list_ids": [],
                "protocol": "tcp",
                "security_groups": [
                  "sg-05f2d718a27f26583"
                ],
                "self": false,
                "to_port": 80
              }
            ],
            "name": "Venus FE instance test",
            "name_prefix": "",
            "owner_id": "350358714376",
            "revoke_rules_on_delete": false,
            "tags": {
              "Name": "Venus FE instance test"
            },
            "tags_all": {
              "Name": "Venus FE instance test"
            },
            "timeouts": null,
            "vpc_id": "vpc-0bd3c01b874794c23"
          },
          "sensitive_attributes": [],
          "private": "eyJlMmJmYjczMC1lY2FhLTExZTYtOGY4OC0zNDM2M2JjN2M0YzAiOnsiY3JlYXRlIjo2MDAwMDAwMDAwMDAsImRlbGV0ZSI6OTAwMDAwMDAwMDAwfSwic2NoZW1hX3ZlcnNpb24iOiIxIn0=",
          "dependencies": [
            "module.venus_alb.module.alb_sg.aws_security_group.alb_sg",
            "module.vpc.aws_vpc.main"
          ]
        }
      ]
    },
    {
      "module": "module.venus_asg.module.launch_template_BE",
      "mode": "managed",
      "type": "aws_launch_template",
      "name": "Venus_launch_template",
      "provider": "provider[\"registry.terraform.io/hashicorp/aws\"]",
      "instances": [
        {
          "schema_version": 0,
          "attributes": {
            "arn": "arn:aws:ec2:ca-central-1:350358714376:launch-template/lt-03bf9be55dbd05d3b",
            "block_device_mappings": [],
            "capacity_reservation_specification": [],
            "cpu_options": [],
            "credit_specification": [],
            "default_version": 1,
            "description": "Venus BE template",
            "disable_api_termination": false,
            "ebs_optimized": "false",
            "elastic_gpu_specifications": [],
            "elastic_inference_accelerator": [],
            "enclave_options": [],
            "hibernation_options": [],
            "iam_instance_profile": [],
            "id": "lt-03bf9be55dbd05d3b",
            "image_id": "ami-041d49677629acc40",
            "instance_initiated_shutdown_behavior": "",
            "instance_market_options": [],
            "instance_type": "t2.micro",
            "kernel_id": "",
            "key_name": "",
            "latest_version": 1,
            "license_specification": [],
            "metadata_options": [],
            "monitoring": [],
            "name": "Venus-BE-template-test",
            "name_prefix": "",
            "network_interfaces": [
              {
                "associate_carrier_ip_address": "",
                "associate_public_ip_address": "false",
                "delete_on_termination": "",
                "description": "",
                "device_index": 0,
                "interface_type": "",
                "ipv4_address_count": 0,
                "ipv4_addresses": [],
                "ipv6_address_count": 0,
                "ipv6_addresses": [],
                "network_card_index": 0,
                "network_interface_id": "",
                "private_ip_address": "",
                "security_groups": [
                  "sg-07b0e190af8185826"
                ],
                "subnet_id": ""
              }
            ],
            "placement": [],
            "ram_disk_id": "",
            "security_group_names": [],
            "tag_specifications": [
              {
                "resource_type": "instance",
                "tags": {
                  "Name": "Venus BE"
                }
              }
            ],
            "tags": {},
            "tags_all": {},
            "update_default_version": null,
            "user_data": "IyEvYmluL2Jhc2gNCnl1bSB1cGRhdGUgLXkNCnl1bSBpbnN0YWxsIGphdmEgLXkNCndnZXQgaHR0cHM6Ly9naXRodWIuY29tL3NjQ2xvdWRFbmdpbmVlclByb2dyYW1WZW51cy9zbWFydGJhbmstbW9kdWxlcy9yYXcvYm95YW5nL3VwZGF0ZS1iYWNrZW5kLWZvci1wcm9kLWVudi9zbWFydC1iYW5rLWFwaS5qYXINCmphdmEgLWphciBzbWFydC1iYW5rLWFwaS5qYXIgJg0KI2phdmEgLURzcHJpbmcuZGF0YXNvdXJjZS51cmw9amRiYzpwb3N0Z3Jlc3FsOi8ve0RCX2FkZHJlc3N9OjU0MzIvc21hcnRiYW5rZGIgLWphciBzbWFydC1iYW5rLWFwaS5qYXIgJg==",
            "vpc_security_group_ids": []
          },
          "sensitive_attributes": [],
          "private": "bnVsbA==",
          "dependencies": [
            "module.venus_alb.aws_lb.Venus",
            "module.venus_alb.module.alb_sg.aws_security_group.alb_sg",
            "module.venus_asg.module.BE_instance_sg.aws_security_group.instance_sg",
            "module.vpc.aws_vpc.main",
            "module.vpc.module.public_subnets.aws_subnet.subnet"
          ]
        }
      ]
    },
    {
      "module": "module.venus_asg.module.launch_template_FE",
      "mode": "managed",
      "type": "aws_launch_template",
      "name": "Venus_launch_template",
      "provider": "provider[\"registry.terraform.io/hashicorp/aws\"]",
      "instances": [
        {
          "schema_version": 0,
          "attributes": {
            "arn": "arn:aws:ec2:ca-central-1:350358714376:launch-template/lt-0326a4a3199526af1",
            "block_device_mappings": [],
            "capacity_reservation_specification": [],
            "cpu_options": [],
            "credit_specification": [],
            "default_version": 1,
            "description": "Venus FE template",
            "disable_api_termination": false,
            "ebs_optimized": "false",
            "elastic_gpu_specifications": [],
            "elastic_inference_accelerator": [],
            "enclave_options": [],
            "hibernation_options": [],
            "iam_instance_profile": [],
            "id": "lt-0326a4a3199526af1",
            "image_id": "ami-041d49677629acc40",
            "instance_initiated_shutdown_behavior": "",
            "instance_market_options": [],
            "instance_type": "t2.micro",
            "kernel_id": "",
            "key_name": "",
            "latest_version": 1,
            "license_specification": [],
            "metadata_options": [],
            "monitoring": [],
            "name": "Venus-FE-template-test",
            "name_prefix": "",
            "network_interfaces": [
              {
                "associate_carrier_ip_address": "",
                "associate_public_ip_address": "false",
                "delete_on_termination": "",
                "description": "",
                "device_index": 0,
                "interface_type": "",
                "ipv4_address_count": 0,
                "ipv4_addresses": [],
                "ipv6_address_count": 0,
                "ipv6_addresses": [],
                "network_card_index": 0,
                "network_interface_id": "",
                "private_ip_address": "",
                "security_groups": [
                  "sg-0e5506f5f5ac4d4a7"
                ],
                "subnet_id": ""
              }
            ],
            "placement": [],
            "ram_disk_id": "",
            "security_group_names": [],
            "tag_specifications": [
              {
                "resource_type": "instance",
                "tags": {
                  "Name": "Venus FE"
                }
              }
            ],
            "tags": {},
            "tags_all": {},
            "update_default_version": null,
            "user_data": "IyEvYmluL2Jhc2gNCnl1bSB1cGRhdGUgLXkNCnl1bSBpbnN0YWxsIGdpdCBjdXJsIC15DQpjZCAvaG9tZS9lYzItdXNlci8NCmN1cmwgLS1zaWxlbnQgLS1sb2NhdGlvbiBodHRwczovL3JwbS5ub2Rlc291cmNlLmNvbS9zZXR1cF8xNC54IHwgc3VkbyBiYXNoDQpzdWRvIHl1bSBpbnN0YWxsIC15IG5vZGVqcw0KZ2l0IGNsb25lIGh0dHBzOi8vZ2l0aHViLmNvbS9zY0Nsb3VkRW5naW5lZXJQcm9ncmFtVmVudXMvc21hcnRiYW5rLW1vZHVsZXMuZ2l0DQpjZCAvaG9tZS9lYzItdXNlci9zbWFydGJhbmstbW9kdWxlcy8NCmdpdCBjaGVja291dCByYXluZXIvRkUtcG9pbnQtdG8tQkUtTEINCmdpdCBwdWxsIG9yaWdpbg0KY2QgL2hvbWUvZWMyLXVzZXIvc21hcnRiYW5rLW1vZHVsZXMvbW9kdWxlMy8NCnN1ZG8gZWNobyAiZXhwb3J0IGNvbnN0IEFQSV9VUkwgPSAnaHR0cDovL1ZlbnVzLXRlc3QtYWxiLTEyMTI1NTI5MDQuY2EtY2VudHJhbC0xLmVsYi5hbWF6b25hd3MuY29tOjgwODAvJyIgPiBzcmMvQ29uc3RhbnRzLmpzDQpucG0gaW5zdGFsbA0KUE9SVD04MCBucG0gcnVuIHN0YXJ0Jg==",
            "vpc_security_group_ids": []
          },
          "sensitive_attributes": [],
          "private": "bnVsbA==",
          "dependencies": [
            "module.venus_alb.aws_lb.Venus",
            "module.venus_alb.module.alb_sg.aws_security_group.alb_sg",
            "module.venus_asg.module.FE_instance_sg.aws_security_group.instance_sg",
            "module.vpc.aws_vpc.main",
            "module.vpc.module.public_subnets.aws_subnet.subnet"
          ]
        }
      ]
    },
    {
      "module": "module.vpc",
      "mode": "managed",
      "type": "aws_internet_gateway",
      "name": "gw",
      "provider": "provider[\"registry.terraform.io/hashicorp/aws\"]",
      "instances": [
        {
          "schema_version": 0,
          "attributes": {
            "arn": "arn:aws:ec2:ca-central-1:350358714376:internet-gateway/igw-07d3e8bf438bae716",
            "id": "igw-07d3e8bf438bae716",
            "owner_id": "350358714376",
            "tags": {
              "Name": "bobby-test-gw"
            },
            "tags_all": {
              "Name": "bobby-test-gw"
            },
            "vpc_id": "vpc-0bd3c01b874794c23"
          },
          "sensitive_attributes": [],
          "private": "bnVsbA==",
          "dependencies": [
            "module.vpc.aws_vpc.main"
          ]
        }
      ]
    },
    {
      "module": "module.vpc",
      "mode": "managed",
      "type": "aws_route_table",
      "name": "dbprivate",
      "provider": "provider[\"registry.terraform.io/hashicorp/aws\"]",
      "instances": [
        {
          "schema_version": 0,
          "attributes": {
            "arn": "arn:aws:ec2:ca-central-1:350358714376:route-table/rtb-01768114d6f78df4d",
            "id": "rtb-01768114d6f78df4d",
            "owner_id": "350358714376",
            "propagating_vgws": [],
            "route": [],
            "tags": {
              "Name": "venus-db-private-route"
            },
            "tags_all": {
              "Name": "venus-db-private-route"
            },
            "timeouts": null,
            "vpc_id": "vpc-0bd3c01b874794c23"
          },
          "sensitive_attributes": [],
          "private": "eyJlMmJmYjczMC1lY2FhLTExZTYtOGY4OC0zNDM2M2JjN2M0YzAiOnsiY3JlYXRlIjozMDAwMDAwMDAwMDAsImRlbGV0ZSI6MzAwMDAwMDAwMDAwLCJ1cGRhdGUiOjEyMDAwMDAwMDAwMH19",
          "dependencies": [
            "module.vpc.aws_vpc.main"
          ]
        }
      ]
    },
    {
      "module": "module.vpc",
      "mode": "managed",
      "type": "aws_route_table_association",
      "name": "db",
      "provider": "provider[\"registry.terraform.io/hashicorp/aws\"]",
      "instances": [
        {
          "index_key": 0,
          "schema_version": 0,
          "attributes": {
            "gateway_id": "",
            "id": "rtbassoc-0a54031c62130b0e4",
            "route_table_id": "rtb-01768114d6f78df4d",
            "subnet_id": "subnet-0ed04d11cfc138825"
          },
          "sensitive_attributes": [],
          "private": "bnVsbA==",
          "dependencies": [
            "module.vpc.aws_route_table.dbprivate",
            "module.vpc.aws_vpc.main",
            "module.vpc.module.db_subnets.aws_subnet.subnet"
          ]
        },
        {
          "index_key": 1,
          "schema_version": 0,
          "attributes": {
            "gateway_id": "",
            "id": "rtbassoc-0b13fe8c2d980e77a",
            "route_table_id": "rtb-01768114d6f78df4d",
            "subnet_id": "subnet-0e76adce952476549"
          },
          "sensitive_attributes": [],
          "private": "bnVsbA==",
          "dependencies": [
            "module.vpc.aws_route_table.dbprivate",
            "module.vpc.aws_vpc.main",
            "module.vpc.module.db_subnets.aws_subnet.subnet"
          ]
        }
      ]
    },
    {
      "module": "module.vpc",
      "mode": "managed",
      "type": "aws_route_table_association",
      "name": "private",
      "provider": "provider[\"registry.terraform.io/hashicorp/aws\"]",
      "instances": [
        {
          "index_key": 0,
          "schema_version": 0,
          "attributes": {
            "gateway_id": "",
            "id": "rtbassoc-09b39ad277b6df315",
            "route_table_id": "rtb-0c28cf4a8b2adc56d",
            "subnet_id": "subnet-0ce9275fb662d931d"
          },
          "sensitive_attributes": [],
          "private": "bnVsbA==",
          "dependencies": [
            "module.vpc.aws_vpc.main",
            "module.vpc.module.natGateways.aws_eip.eip",
            "module.vpc.module.natGateways.aws_nat_gateway.nat",
            "module.vpc.module.private_subnet_route_tables.aws_route_table.route_table",
            "module.vpc.module.private_subnets.aws_subnet.subnet",
            "module.vpc.module.public_subnets.aws_subnet.subnet"
          ]
        },
        {
          "index_key": 1,
          "schema_version": 0,
          "attributes": {
            "gateway_id": "",
            "id": "rtbassoc-09324af3566918dca",
            "route_table_id": "rtb-0c303e5fc8a19cb10",
            "subnet_id": "subnet-0a61dec6a7dd99b8a"
          },
          "sensitive_attributes": [],
          "private": "bnVsbA==",
          "dependencies": [
            "module.vpc.aws_vpc.main",
            "module.vpc.module.natGateways.aws_eip.eip",
            "module.vpc.module.natGateways.aws_nat_gateway.nat",
            "module.vpc.module.private_subnet_route_tables.aws_route_table.route_table",
            "module.vpc.module.private_subnets.aws_subnet.subnet",
            "module.vpc.module.public_subnets.aws_subnet.subnet"
          ]
        }
      ]
    },
    {
      "module": "module.vpc",
      "mode": "managed",
      "type": "aws_route_table_association",
      "name": "public",
      "provider": "provider[\"registry.terraform.io/hashicorp/aws\"]",
      "instances": [
        {
          "index_key": 0,
          "schema_version": 0,
          "attributes": {
            "gateway_id": "",
            "id": "rtbassoc-0d2f09ee019881c9e",
            "route_table_id": "rtb-083eafb846e539027",
            "subnet_id": "subnet-0b310ce2fabb33b02"
          },
          "sensitive_attributes": [],
          "private": "bnVsbA==",
          "dependencies": [
            "module.vpc.aws_internet_gateway.gw",
            "module.vpc.aws_vpc.main",
            "module.vpc.module.public_subnet_route_table.aws_route_table.route_table",
            "module.vpc.module.public_subnets.aws_subnet.subnet"
          ]
        },
        {
          "index_key": 1,
          "schema_version": 0,
          "attributes": {
            "gateway_id": "",
            "id": "rtbassoc-077019d8957f2e27a",
            "route_table_id": "rtb-083eafb846e539027",
            "subnet_id": "subnet-0df705ffec678c435"
          },
          "sensitive_attributes": [],
          "private": "bnVsbA==",
          "dependencies": [
            "module.vpc.aws_internet_gateway.gw",
            "module.vpc.aws_vpc.main",
            "module.vpc.module.public_subnet_route_table.aws_route_table.route_table",
            "module.vpc.module.public_subnets.aws_subnet.subnet"
          ]
        }
      ]
    },
    {
      "module": "module.vpc",
      "mode": "managed",
      "type": "aws_vpc",
      "name": "main",
      "provider": "provider[\"registry.terraform.io/hashicorp/aws\"]",
      "instances": [
        {
          "schema_version": 1,
          "attributes": {
            "arn": "arn:aws:ec2:ca-central-1:350358714376:vpc/vpc-0bd3c01b874794c23",
            "assign_generated_ipv6_cidr_block": false,
            "cidr_block": "10.0.0.0/16",
            "default_network_acl_id": "acl-01543db68829c8b57",
            "default_route_table_id": "rtb-0c3b9ae0461d6fee5",
            "default_security_group_id": "sg-0b188af548557e06e",
            "dhcp_options_id": "dopt-09b9e16fdd83249db",
            "enable_classiclink": false,
            "enable_classiclink_dns_support": false,
            "enable_dns_hostnames": false,
            "enable_dns_support": true,
            "id": "vpc-0bd3c01b874794c23",
            "instance_tenancy": "default",
            "ipv4_ipam_pool_id": null,
            "ipv4_netmask_length": null,
            "ipv6_association_id": "",
            "ipv6_cidr_block": "",
            "ipv6_cidr_block_network_border_group": "",
            "ipv6_ipam_pool_id": "",
            "ipv6_netmask_length": 0,
            "main_route_table_id": "rtb-0c3b9ae0461d6fee5",
            "owner_id": "350358714376",
            "tags": {
              "Name": "bobby-test"
            },
            "tags_all": {
              "Name": "bobby-test"
            }
          },
          "sensitive_attributes": [],
          "private": "eyJzY2hlbWFfdmVyc2lvbiI6IjEifQ=="
        }
      ]
    },
    {
      "module": "module.vpc.module.db_subnets[0]",
      "mode": "managed",
      "type": "aws_subnet",
      "name": "subnet",
      "provider": "provider[\"registry.terraform.io/hashicorp/aws\"]",
      "instances": [
        {
          "schema_version": 1,
          "attributes": {
            "arn": "arn:aws:ec2:ca-central-1:350358714376:subnet/subnet-0ed04d11cfc138825",
            "assign_ipv6_address_on_creation": false,
            "availability_zone": "ca-central-1a",
            "availability_zone_id": "cac1-az1",
            "cidr_block": "10.0.40.0/24",
            "customer_owned_ipv4_pool": "",
            "enable_dns64": false,
            "enable_resource_name_dns_a_record_on_launch": false,
            "enable_resource_name_dns_aaaa_record_on_launch": false,
            "id": "subnet-0ed04d11cfc138825",
            "ipv6_cidr_block": "",
            "ipv6_cidr_block_association_id": "",
            "ipv6_native": false,
            "map_customer_owned_ip_on_launch": false,
            "map_public_ip_on_launch": false,
            "outpost_arn": "",
            "owner_id": "350358714376",
            "private_dns_hostname_type_on_launch": "ip-name",
            "tags": {
              "Name": "venus-db-private-subnet-01"
            },
            "tags_all": {
              "Name": "venus-db-private-subnet-01"
            },
            "timeouts": null,
            "vpc_id": "vpc-0bd3c01b874794c23"
          },
          "sensitive_attributes": [],
          "private": "eyJlMmJmYjczMC1lY2FhLTExZTYtOGY4OC0zNDM2M2JjN2M0YzAiOnsiY3JlYXRlIjo2MDAwMDAwMDAwMDAsImRlbGV0ZSI6MTIwMDAwMDAwMDAwMH0sInNjaGVtYV92ZXJzaW9uIjoiMSJ9",
          "dependencies": [
            "module.vpc.aws_vpc.main"
          ]
        }
      ]
    },
    {
      "module": "module.vpc.module.db_subnets[1]",
      "mode": "managed",
      "type": "aws_subnet",
      "name": "subnet",
      "provider": "provider[\"registry.terraform.io/hashicorp/aws\"]",
      "instances": [
        {
          "schema_version": 1,
          "attributes": {
            "arn": "arn:aws:ec2:ca-central-1:350358714376:subnet/subnet-0e76adce952476549",
            "assign_ipv6_address_on_creation": false,
            "availability_zone": "ca-central-1b",
            "availability_zone_id": "cac1-az2",
            "cidr_block": "10.0.50.0/24",
            "customer_owned_ipv4_pool": "",
            "enable_dns64": false,
            "enable_resource_name_dns_a_record_on_launch": false,
            "enable_resource_name_dns_aaaa_record_on_launch": false,
            "id": "subnet-0e76adce952476549",
            "ipv6_cidr_block": "",
            "ipv6_cidr_block_association_id": "",
            "ipv6_native": false,
            "map_customer_owned_ip_on_launch": false,
            "map_public_ip_on_launch": false,
            "outpost_arn": "",
            "owner_id": "350358714376",
            "private_dns_hostname_type_on_launch": "ip-name",
            "tags": {
              "Name": "venus-db-private-subnet-02"
            },
            "tags_all": {
              "Name": "venus-db-private-subnet-02"
            },
            "timeouts": null,
            "vpc_id": "vpc-0bd3c01b874794c23"
          },
          "sensitive_attributes": [],
          "private": "eyJlMmJmYjczMC1lY2FhLTExZTYtOGY4OC0zNDM2M2JjN2M0YzAiOnsiY3JlYXRlIjo2MDAwMDAwMDAwMDAsImRlbGV0ZSI6MTIwMDAwMDAwMDAwMH0sInNjaGVtYV92ZXJzaW9uIjoiMSJ9",
          "dependencies": [
            "module.vpc.aws_vpc.main"
          ]
        }
      ]
    },
    {
      "module": "module.vpc.module.natGateways[0]",
      "mode": "managed",
      "type": "aws_eip",
      "name": "eip",
      "provider": "provider[\"registry.terraform.io/hashicorp/aws\"]",
      "instances": [
        {
          "schema_version": 0,
          "attributes": {
            "address": null,
            "allocation_id": "eipalloc-062b19467adbd9831",
            "associate_with_private_ip": null,
            "association_id": "eipassoc-0600588fa1b944c1d",
            "carrier_ip": "",
            "customer_owned_ip": "",
            "customer_owned_ipv4_pool": "",
            "domain": "vpc",
            "id": "eipalloc-062b19467adbd9831",
            "instance": "",
            "network_border_group": "ca-central-1",
            "network_interface": "eni-0f12d519d5d38ec73",
            "private_dns": "ip-10-0-0-18.ca-central-1.compute.internal",
            "private_ip": "10.0.0.18",
            "public_dns": "ec2-99-79-12-192.ca-central-1.compute.amazonaws.com",
            "public_ip": "99.79.12.192",
            "public_ipv4_pool": "amazon",
            "tags": {},
            "tags_all": {},
            "timeouts": null,
            "vpc": true
          },
          "sensitive_attributes": [],
          "private": "eyJlMmJmYjczMC1lY2FhLTExZTYtOGY4OC0zNDM2M2JjN2M0YzAiOnsiZGVsZXRlIjoxODAwMDAwMDAwMDAsInJlYWQiOjkwMDAwMDAwMDAwMCwidXBkYXRlIjozMDAwMDAwMDAwMDB9fQ==",
          "dependencies": [
            "module.vpc.aws_vpc.main",
            "module.vpc.module.public_subnets.aws_subnet.subnet"
          ]
        }
      ]
    },
    {
      "module": "module.vpc.module.natGateways[0]",
      "mode": "managed",
      "type": "aws_nat_gateway",
      "name": "nat",
      "provider": "provider[\"registry.terraform.io/hashicorp/aws\"]",
      "instances": [
        {
          "schema_version": 0,
          "attributes": {
            "allocation_id": "eipalloc-062b19467adbd9831",
            "connectivity_type": "public",
            "id": "nat-070dd0b549fac06ec",
            "network_interface_id": "eni-0f12d519d5d38ec73",
            "private_ip": "10.0.0.18",
            "public_ip": "99.79.12.192",
            "subnet_id": "subnet-0b310ce2fabb33b02",
            "tags": {
              "Name": "venus-nat-1"
            },
            "tags_all": {
              "Name": "venus-nat-1"
            }
          },
          "sensitive_attributes": [],
          "private": "bnVsbA==",
          "dependencies": [
            "module.vpc.aws_vpc.main",
            "module.vpc.module.natGateways.aws_eip.eip",
            "module.vpc.module.public_subnets.aws_subnet.subnet"
          ]
        }
      ]
    },
    {
      "module": "module.vpc.module.natGateways[1]",
      "mode": "managed",
      "type": "aws_eip",
      "name": "eip",
      "provider": "provider[\"registry.terraform.io/hashicorp/aws\"]",
      "instances": [
        {
          "schema_version": 0,
          "attributes": {
            "address": null,
            "allocation_id": "eipalloc-0aa290c2558d5624b",
            "associate_with_private_ip": null,
            "association_id": "eipassoc-0d1a5c166ba8a55ea",
            "carrier_ip": "",
            "customer_owned_ip": "",
            "customer_owned_ipv4_pool": "",
            "domain": "vpc",
            "id": "eipalloc-0aa290c2558d5624b",
            "instance": "",
            "network_border_group": "ca-central-1",
            "network_interface": "eni-03b4ed51f9770c1cf",
            "private_dns": "ip-10-0-10-159.ca-central-1.compute.internal",
            "private_ip": "10.0.10.159",
            "public_dns": "ec2-3-97-161-203.ca-central-1.compute.amazonaws.com",
            "public_ip": "3.97.161.203",
            "public_ipv4_pool": "amazon",
            "tags": {},
            "tags_all": {},
            "timeouts": null,
            "vpc": true
          },
          "sensitive_attributes": [],
          "private": "eyJlMmJmYjczMC1lY2FhLTExZTYtOGY4OC0zNDM2M2JjN2M0YzAiOnsiZGVsZXRlIjoxODAwMDAwMDAwMDAsInJlYWQiOjkwMDAwMDAwMDAwMCwidXBkYXRlIjozMDAwMDAwMDAwMDB9fQ==",
          "dependencies": [
            "module.vpc.aws_vpc.main",
            "module.vpc.module.public_subnets.aws_subnet.subnet"
          ]
        }
      ]
    },
    {
      "module": "module.vpc.module.natGateways[1]",
      "mode": "managed",
      "type": "aws_nat_gateway",
      "name": "nat",
      "provider": "provider[\"registry.terraform.io/hashicorp/aws\"]",
      "instances": [
        {
          "schema_version": 0,
          "attributes": {
            "allocation_id": "eipalloc-0aa290c2558d5624b",
            "connectivity_type": "public",
            "id": "nat-08ccc96a6f12de4a0",
            "network_interface_id": "eni-03b4ed51f9770c1cf",
            "private_ip": "10.0.10.159",
            "public_ip": "3.97.161.203",
            "subnet_id": "subnet-0df705ffec678c435",
            "tags": {
              "Name": "venus-nat-2"
            },
            "tags_all": {
              "Name": "venus-nat-2"
            }
          },
          "sensitive_attributes": [],
          "private": "bnVsbA==",
          "dependencies": [
            "module.vpc.aws_vpc.main",
            "module.vpc.module.natGateways.aws_eip.eip",
            "module.vpc.module.public_subnets.aws_subnet.subnet"
          ]
        }
      ]
    },
    {
      "module": "module.vpc.module.private_subnet_route_tables[0]",
      "mode": "managed",
      "type": "aws_route_table",
      "name": "route_table",
      "provider": "provider[\"registry.terraform.io/hashicorp/aws\"]",
      "instances": [
        {
          "schema_version": 0,
          "attributes": {
            "arn": "arn:aws:ec2:ca-central-1:350358714376:route-table/rtb-0c28cf4a8b2adc56d",
            "id": "rtb-0c28cf4a8b2adc56d",
            "owner_id": "350358714376",
            "propagating_vgws": [],
            "route": [
              {
                "carrier_gateway_id": "",
                "cidr_block": "0.0.0.0/0",
                "destination_prefix_list_id": "",
                "egress_only_gateway_id": "",
                "gateway_id": "nat-070dd0b549fac06ec",
                "instance_id": "",
                "ipv6_cidr_block": "",
                "local_gateway_id": "",
                "nat_gateway_id": "",
                "network_interface_id": "",
                "transit_gateway_id": "",
                "vpc_endpoint_id": "",
                "vpc_peering_connection_id": ""
              }
            ],
            "tags": {
              "Name": "venus-private-route-01"
            },
            "tags_all": {
              "Name": "venus-private-route-01"
            },
            "timeouts": null,
            "vpc_id": "vpc-0bd3c01b874794c23"
          },
          "sensitive_attributes": [],
          "private": "eyJlMmJmYjczMC1lY2FhLTExZTYtOGY4OC0zNDM2M2JjN2M0YzAiOnsiY3JlYXRlIjozMDAwMDAwMDAwMDAsImRlbGV0ZSI6MzAwMDAwMDAwMDAwLCJ1cGRhdGUiOjEyMDAwMDAwMDAwMH19",
          "dependencies": [
            "module.vpc.aws_vpc.main",
            "module.vpc.module.natGateways.aws_nat_gateway.nat",
            "module.vpc.module.public_subnets.aws_subnet.subnet"
          ]
        }
      ]
    },
    {
      "module": "module.vpc.module.private_subnet_route_tables[1]",
      "mode": "managed",
      "type": "aws_route_table",
      "name": "route_table",
      "provider": "provider[\"registry.terraform.io/hashicorp/aws\"]",
      "instances": [
        {
          "schema_version": 0,
          "attributes": {
            "arn": "arn:aws:ec2:ca-central-1:350358714376:route-table/rtb-0c303e5fc8a19cb10",
            "id": "rtb-0c303e5fc8a19cb10",
            "owner_id": "350358714376",
            "propagating_vgws": [],
            "route": [
              {
                "carrier_gateway_id": "",
                "cidr_block": "0.0.0.0/0",
                "destination_prefix_list_id": "",
                "egress_only_gateway_id": "",
                "gateway_id": "nat-08ccc96a6f12de4a0",
                "instance_id": "",
                "ipv6_cidr_block": "",
                "local_gateway_id": "",
                "nat_gateway_id": "",
                "network_interface_id": "",
                "transit_gateway_id": "",
                "vpc_endpoint_id": "",
                "vpc_peering_connection_id": ""
              }
            ],
            "tags": {
              "Name": "venus-private-route-02"
            },
            "tags_all": {
              "Name": "venus-private-route-02"
            },
            "timeouts": null,
            "vpc_id": "vpc-0bd3c01b874794c23"
          },
          "sensitive_attributes": [],
          "private": "eyJlMmJmYjczMC1lY2FhLTExZTYtOGY4OC0zNDM2M2JjN2M0YzAiOnsiY3JlYXRlIjozMDAwMDAwMDAwMDAsImRlbGV0ZSI6MzAwMDAwMDAwMDAwLCJ1cGRhdGUiOjEyMDAwMDAwMDAwMH19",
          "dependencies": [
            "module.vpc.aws_vpc.main",
            "module.vpc.module.natGateways.aws_nat_gateway.nat",
            "module.vpc.module.public_subnets.aws_subnet.subnet"
          ]
        }
      ]
    },
    {
      "module": "module.vpc.module.private_subnets[0]",
      "mode": "managed",
      "type": "aws_subnet",
      "name": "subnet",
      "provider": "provider[\"registry.terraform.io/hashicorp/aws\"]",
      "instances": [
        {
          "schema_version": 1,
          "attributes": {
            "arn": "arn:aws:ec2:ca-central-1:350358714376:subnet/subnet-0ce9275fb662d931d",
            "assign_ipv6_address_on_creation": false,
            "availability_zone": "ca-central-1a",
            "availability_zone_id": "cac1-az1",
            "cidr_block": "10.0.20.0/24",
            "customer_owned_ipv4_pool": "",
            "enable_dns64": false,
            "enable_resource_name_dns_a_record_on_launch": false,
            "enable_resource_name_dns_aaaa_record_on_launch": false,
            "id": "subnet-0ce9275fb662d931d",
            "ipv6_cidr_block": "",
            "ipv6_cidr_block_association_id": "",
            "ipv6_native": false,
            "map_customer_owned_ip_on_launch": false,
            "map_public_ip_on_launch": false,
            "outpost_arn": "",
            "owner_id": "350358714376",
            "private_dns_hostname_type_on_launch": "ip-name",
            "tags": {
              "Name": "venus-private-subnet-01"
            },
            "tags_all": {
              "Name": "venus-private-subnet-01"
            },
            "timeouts": null,
            "vpc_id": "vpc-0bd3c01b874794c23"
          },
          "sensitive_attributes": [],
          "private": "eyJlMmJmYjczMC1lY2FhLTExZTYtOGY4OC0zNDM2M2JjN2M0YzAiOnsiY3JlYXRlIjo2MDAwMDAwMDAwMDAsImRlbGV0ZSI6MTIwMDAwMDAwMDAwMH0sInNjaGVtYV92ZXJzaW9uIjoiMSJ9",
          "dependencies": [
            "module.vpc.aws_vpc.main"
          ]
        }
      ]
    },
    {
      "module": "module.vpc.module.private_subnets[1]",
      "mode": "managed",
      "type": "aws_subnet",
      "name": "subnet",
      "provider": "provider[\"registry.terraform.io/hashicorp/aws\"]",
      "instances": [
        {
          "schema_version": 1,
          "attributes": {
            "arn": "arn:aws:ec2:ca-central-1:350358714376:subnet/subnet-0a61dec6a7dd99b8a",
            "assign_ipv6_address_on_creation": false,
            "availability_zone": "ca-central-1b",
            "availability_zone_id": "cac1-az2",
            "cidr_block": "10.0.30.0/24",
            "customer_owned_ipv4_pool": "",
            "enable_dns64": false,
            "enable_resource_name_dns_a_record_on_launch": false,
            "enable_resource_name_dns_aaaa_record_on_launch": false,
            "id": "subnet-0a61dec6a7dd99b8a",
            "ipv6_cidr_block": "",
            "ipv6_cidr_block_association_id": "",
            "ipv6_native": false,
            "map_customer_owned_ip_on_launch": false,
            "map_public_ip_on_launch": false,
            "outpost_arn": "",
            "owner_id": "350358714376",
            "private_dns_hostname_type_on_launch": "ip-name",
            "tags": {
              "Name": "venus-private-subnet-02"
            },
            "tags_all": {
              "Name": "venus-private-subnet-02"
            },
            "timeouts": null,
            "vpc_id": "vpc-0bd3c01b874794c23"
          },
          "sensitive_attributes": [],
          "private": "eyJlMmJmYjczMC1lY2FhLTExZTYtOGY4OC0zNDM2M2JjN2M0YzAiOnsiY3JlYXRlIjo2MDAwMDAwMDAwMDAsImRlbGV0ZSI6MTIwMDAwMDAwMDAwMH0sInNjaGVtYV92ZXJzaW9uIjoiMSJ9",
          "dependencies": [
            "module.vpc.aws_vpc.main"
          ]
        }
      ]
    },
    {
      "module": "module.vpc.module.public_subnet_route_table",
      "mode": "managed",
      "type": "aws_route_table",
      "name": "route_table",
      "provider": "provider[\"registry.terraform.io/hashicorp/aws\"]",
      "instances": [
        {
          "schema_version": 0,
          "attributes": {
            "arn": "arn:aws:ec2:ca-central-1:350358714376:route-table/rtb-083eafb846e539027",
            "id": "rtb-083eafb846e539027",
            "owner_id": "350358714376",
            "propagating_vgws": [],
            "route": [
              {
                "carrier_gateway_id": "",
                "cidr_block": "0.0.0.0/0",
                "destination_prefix_list_id": "",
                "egress_only_gateway_id": "",
                "gateway_id": "igw-07d3e8bf438bae716",
                "instance_id": "",
                "ipv6_cidr_block": "",
                "local_gateway_id": "",
                "nat_gateway_id": "",
                "network_interface_id": "",
                "transit_gateway_id": "",
                "vpc_endpoint_id": "",
                "vpc_peering_connection_id": ""
              }
            ],
            "tags": {
              "Name": "venus-public-route"
            },
            "tags_all": {
              "Name": "venus-public-route"
            },
            "timeouts": null,
            "vpc_id": "vpc-0bd3c01b874794c23"
          },
          "sensitive_attributes": [],
          "private": "eyJlMmJmYjczMC1lY2FhLTExZTYtOGY4OC0zNDM2M2JjN2M0YzAiOnsiY3JlYXRlIjozMDAwMDAwMDAwMDAsImRlbGV0ZSI6MzAwMDAwMDAwMDAwLCJ1cGRhdGUiOjEyMDAwMDAwMDAwMH19",
          "dependencies": [
            "module.vpc.aws_internet_gateway.gw",
            "module.vpc.aws_vpc.main"
          ]
        }
      ]
    },
    {
      "module": "module.vpc.module.public_subnets[0]",
      "mode": "managed",
      "type": "aws_subnet",
      "name": "subnet",
      "provider": "provider[\"registry.terraform.io/hashicorp/aws\"]",
      "instances": [
        {
          "schema_version": 1,
          "attributes": {
            "arn": "arn:aws:ec2:ca-central-1:350358714376:subnet/subnet-0b310ce2fabb33b02",
            "assign_ipv6_address_on_creation": false,
            "availability_zone": "ca-central-1a",
            "availability_zone_id": "cac1-az1",
            "cidr_block": "10.0.0.0/24",
            "customer_owned_ipv4_pool": "",
            "enable_dns64": false,
            "enable_resource_name_dns_a_record_on_launch": false,
            "enable_resource_name_dns_aaaa_record_on_launch": false,
            "id": "subnet-0b310ce2fabb33b02",
            "ipv6_cidr_block": "",
            "ipv6_cidr_block_association_id": "",
            "ipv6_native": false,
            "map_customer_owned_ip_on_launch": false,
            "map_public_ip_on_launch": false,
            "outpost_arn": "",
            "owner_id": "350358714376",
            "private_dns_hostname_type_on_launch": "ip-name",
            "tags": {
              "Name": "venus-public-subnet-01"
            },
            "tags_all": {
              "Name": "venus-public-subnet-01"
            },
            "timeouts": null,
            "vpc_id": "vpc-0bd3c01b874794c23"
          },
          "sensitive_attributes": [],
          "private": "eyJlMmJmYjczMC1lY2FhLTExZTYtOGY4OC0zNDM2M2JjN2M0YzAiOnsiY3JlYXRlIjo2MDAwMDAwMDAwMDAsImRlbGV0ZSI6MTIwMDAwMDAwMDAwMH0sInNjaGVtYV92ZXJzaW9uIjoiMSJ9",
          "dependencies": [
            "module.vpc.aws_vpc.main"
          ]
        }
      ]
    },
    {
      "module": "module.vpc.module.public_subnets[1]",
      "mode": "managed",
      "type": "aws_subnet",
      "name": "subnet",
      "provider": "provider[\"registry.terraform.io/hashicorp/aws\"]",
      "instances": [
        {
          "schema_version": 1,
          "attributes": {
            "arn": "arn:aws:ec2:ca-central-1:350358714376:subnet/subnet-0df705ffec678c435",
            "assign_ipv6_address_on_creation": false,
            "availability_zone": "ca-central-1b",
            "availability_zone_id": "cac1-az2",
            "cidr_block": "10.0.10.0/24",
            "customer_owned_ipv4_pool": "",
            "enable_dns64": false,
            "enable_resource_name_dns_a_record_on_launch": false,
            "enable_resource_name_dns_aaaa_record_on_launch": false,
            "id": "subnet-0df705ffec678c435",
            "ipv6_cidr_block": "",
            "ipv6_cidr_block_association_id": "",
            "ipv6_native": false,
            "map_customer_owned_ip_on_launch": false,
            "map_public_ip_on_launch": false,
            "outpost_arn": "",
            "owner_id": "350358714376",
            "private_dns_hostname_type_on_launch": "ip-name",
            "tags": {
              "Name": "venus-public-subnet-02"
            },
            "tags_all": {
              "Name": "venus-public-subnet-02"
            },
            "timeouts": null,
            "vpc_id": "vpc-0bd3c01b874794c23"
          },
          "sensitive_attributes": [],
          "private": "eyJlMmJmYjczMC1lY2FhLTExZTYtOGY4OC0zNDM2M2JjN2M0YzAiOnsiY3JlYXRlIjo2MDAwMDAwMDAwMDAsImRlbGV0ZSI6MTIwMDAwMDAwMDAwMH0sInNjaGVtYV92ZXJzaW9uIjoiMSJ9",
          "dependencies": [
            "module.vpc.aws_vpc.main"
          ]
        }
      ]
    }
  ]
}
