{
  "version": 4,
  "terraform_version": "1.1.6",
  "serial": 1772,
  "lineage": "698c0a6b-77b2-dca3-bba4-54af70724ac2",
  "outputs": {},
  "resources": [
    {
      "module": "module.BE_instance_sg",
      "mode": "managed",
      "type": "aws_security_group",
      "name": "instance_sg",
      "provider": "provider[\"registry.terraform.io/hashicorp/aws\"]",
      "instances": [
        {
          "schema_version": 1,
          "attributes": {
            "arn": "arn:aws:ec2:ca-central-1:350358714376:security-group/sg-0c154a8fb93fb35a1",
            "description": "Venus BE Instance Security Group",
            "egress": [
              {
                "cidr_blocks": [
                  "0.0.0.0/0"
                ],
                "description": "",
                "from_port": 0,
                "ipv6_cidr_blocks": [],
                "prefix_list_ids": [],
                "protocol": "-1",
                "security_groups": [],
                "self": false,
                "to_port": 0
              }
            ],
            "id": "sg-0c154a8fb93fb35a1",
            "ingress": [
              {
                "cidr_blocks": [],
                "description": "",
                "from_port": 8080,
                "ipv6_cidr_blocks": [],
                "prefix_list_ids": [],
                "protocol": "tcp",
                "security_groups": [
                  "sg-0f066704f4c59dd1e"
                ],
                "self": false,
                "to_port": 8080
              }
            ],
            "name": "Venus BE instance test",
            "name_prefix": "",
            "owner_id": "350358714376",
            "revoke_rules_on_delete": false,
            "tags": {
              "Name": "Venus BE instance test"
            },
            "tags_all": {
              "Name": "Venus BE instance test"
            },
            "timeouts": null,
            "vpc_id": "vpc-041eab2b3b08146ef"
          },
          "sensitive_attributes": [],
          "private": "eyJlMmJmYjczMC1lY2FhLTExZTYtOGY4OC0zNDM2M2JjN2M0YzAiOnsiY3JlYXRlIjo2MDAwMDAwMDAwMDAsImRlbGV0ZSI6OTAwMDAwMDAwMDAwfSwic2NoZW1hX3ZlcnNpb24iOiIxIn0=",
          "dependencies": [
            "module.venus_alb.module.alb_sg.aws_security_group.alb_sg",
            "module.vpc.aws_vpc.main"
          ]
        }
      ]
    },
    {
      "module": "module.DB_sg",
      "mode": "managed",
      "type": "aws_security_group",
      "name": "instance_sg",
      "provider": "provider[\"registry.terraform.io/hashicorp/aws\"]",
      "instances": [
        {
          "schema_version": 1,
          "attributes": {
            "arn": "arn:aws:ec2:ca-central-1:350358714376:security-group/sg-075842b8c605844c9",
            "description": "Venus DB Security Group",
            "egress": [
              {
                "cidr_blocks": [
                  "0.0.0.0/0"
                ],
                "description": "",
                "from_port": 0,
                "ipv6_cidr_blocks": [],
                "prefix_list_ids": [],
                "protocol": "-1",
                "security_groups": [],
                "self": false,
                "to_port": 0
              }
            ],
            "id": "sg-075842b8c605844c9",
            "ingress": [
              {
                "cidr_blocks": [],
                "description": "",
                "from_port": 5432,
                "ipv6_cidr_blocks": [],
                "prefix_list_ids": [],
                "protocol": "tcp",
                "security_groups": [
                  "sg-0c154a8fb93fb35a1"
                ],
                "self": false,
                "to_port": 5432
              }
            ],
            "name": "Venus DB test",
            "name_prefix": "",
            "owner_id": "350358714376",
            "revoke_rules_on_delete": false,
            "tags": {
              "Name": "Venus DB test"
            },
            "tags_all": {
              "Name": "Venus DB test"
            },
            "timeouts": null,
            "vpc_id": "vpc-041eab2b3b08146ef"
          },
          "sensitive_attributes": [],
          "private": "eyJlMmJmYjczMC1lY2FhLTExZTYtOGY4OC0zNDM2M2JjN2M0YzAiOnsiY3JlYXRlIjo2MDAwMDAwMDAwMDAsImRlbGV0ZSI6OTAwMDAwMDAwMDAwfSwic2NoZW1hX3ZlcnNpb24iOiIxIn0=",
          "dependencies": [
            "module.BE_instance_sg.aws_security_group.instance_sg",
            "module.venus_alb.module.alb_sg.aws_security_group.alb_sg",
            "module.vpc.aws_vpc.main"
          ]
        }
      ]
    },
    {
      "module": "module.FE_instance_sg",
      "mode": "managed",
      "type": "aws_security_group",
      "name": "instance_sg",
      "provider": "provider[\"registry.terraform.io/hashicorp/aws\"]",
      "instances": [
        {
          "schema_version": 1,
          "attributes": {
            "arn": "arn:aws:ec2:ca-central-1:350358714376:security-group/sg-0e03d6dc6364ca224",
            "description": "Venus FE Instance Security Group",
            "egress": [
              {
                "cidr_blocks": [
                  "0.0.0.0/0"
                ],
                "description": "",
                "from_port": 0,
                "ipv6_cidr_blocks": [],
                "prefix_list_ids": [],
                "protocol": "-1",
                "security_groups": [],
                "self": false,
                "to_port": 0
              }
            ],
            "id": "sg-0e03d6dc6364ca224",
            "ingress": [
              {
                "cidr_blocks": [],
                "description": "",
                "from_port": 80,
                "ipv6_cidr_blocks": [],
                "prefix_list_ids": [],
                "protocol": "tcp",
                "security_groups": [
                  "sg-0f066704f4c59dd1e"
                ],
                "self": false,
                "to_port": 80
              }
            ],
            "name": "Venus FE instance test",
            "name_prefix": "",
            "owner_id": "350358714376",
            "revoke_rules_on_delete": false,
            "tags": {
              "Name": "Venus FE instance test"
            },
            "tags_all": {
              "Name": "Venus FE instance test"
            },
            "timeouts": null,
            "vpc_id": "vpc-041eab2b3b08146ef"
          },
          "sensitive_attributes": [],
          "private": "eyJlMmJmYjczMC1lY2FhLTExZTYtOGY4OC0zNDM2M2JjN2M0YzAiOnsiY3JlYXRlIjo2MDAwMDAwMDAwMDAsImRlbGV0ZSI6OTAwMDAwMDAwMDAwfSwic2NoZW1hX3ZlcnNpb24iOiIxIn0=",
          "dependencies": [
            "module.venus_alb.module.alb_sg.aws_security_group.alb_sg",
            "module.vpc.aws_vpc.main"
          ]
        }
      ]
    },
    {
      "module": "module.db",
      "mode": "managed",
      "type": "aws_db_instance",
      "name": "new",
      "provider": "provider[\"registry.terraform.io/hashicorp/aws\"]",
      "instances": [
        {
          "schema_version": 1,
          "attributes": {
            "address": "venus-db.cgsbhisev1zx.ca-central-1.rds.amazonaws.com",
            "allocated_storage": 10,
            "allow_major_version_upgrade": null,
            "apply_immediately": null,
            "arn": "arn:aws:rds:ca-central-1:350358714376:db:venus-db",
            "auto_minor_version_upgrade": true,
            "availability_zone": "ca-central-1b",
            "backup_retention_period": 0,
            "backup_window": "07:28-07:58",
            "ca_cert_identifier": "rds-ca-2019",
            "character_set_name": "",
            "copy_tags_to_snapshot": false,
            "customer_owned_ip_enabled": false,
            "db_name": "smartbankdb",
            "db_subnet_group_name": "venus-db-subnet-group",
            "delete_automated_backups": true,
            "deletion_protection": false,
            "domain": "",
            "domain_iam_role_name": "",
            "enabled_cloudwatch_logs_exports": null,
            "endpoint": "venus-db.cgsbhisev1zx.ca-central-1.rds.amazonaws.com:5432",
            "engine": "postgres",
            "engine_version": "14.1",
            "engine_version_actual": "14.1",
            "final_snapshot_identifier": null,
            "hosted_zone_id": "Z1JG78A3UK1DU3",
            "iam_database_authentication_enabled": false,
            "id": "venus-db",
            "identifier": "venus-db",
            "identifier_prefix": "",
            "instance_class": "db.t3.micro",
            "iops": 0,
            "kms_key_id": "arn:aws:kms:ca-central-1:350358714376:key/f952a1af-2a2a-478f-b58d-4e14f899ec2a",
            "latest_restorable_time": "0001-01-01T00:00:00Z",
            "license_model": "postgresql-license",
            "maintenance_window": "tue:06:52-tue:07:22",
            "max_allocated_storage": 0,
            "monitoring_interval": 0,
            "monitoring_role_arn": "",
            "multi_az": true,
            "name": "smartbankdb",
            "nchar_character_set_name": "",
            "option_group_name": "default:postgres-14",
            "parameter_group_name": "default.postgres14",
            "password": "postgres",
            "performance_insights_enabled": false,
            "performance_insights_kms_key_id": "",
            "performance_insights_retention_period": 0,
            "port": 5432,
            "publicly_accessible": false,
            "replica_mode": "",
            "replicas": [],
            "replicate_source_db": "",
            "resource_id": "db-IZWBPTTEQ36UW2WOYW5IIKODZM",
            "restore_to_point_in_time": [],
            "s3_import": [],
            "security_group_names": null,
            "skip_final_snapshot": true,
            "snapshot_identifier": null,
            "status": "available",
            "storage_encrypted": true,
            "storage_type": "gp2",
            "tags": null,
            "tags_all": {},
            "timeouts": null,
            "timezone": "",
            "username": "postgres",
            "vpc_security_group_ids": [
              "sg-075842b8c605844c9"
            ]
          },
          "sensitive_attributes": [],
          "private": "eyJlMmJmYjczMC1lY2FhLTExZTYtOGY4OC0zNDM2M2JjN2M0YzAiOnsiY3JlYXRlIjoyNDAwMDAwMDAwMDAwLCJkZWxldGUiOjM2MDAwMDAwMDAwMDAsInVwZGF0ZSI6NDgwMDAwMDAwMDAwMH0sInNjaGVtYV92ZXJzaW9uIjoiMSJ9",
          "dependencies": [
            "module.BE_instance_sg.aws_security_group.instance_sg",
            "module.DB_sg.aws_security_group.instance_sg",
            "module.db.aws_db_subnet_group.new",
            "module.venus_alb.module.alb_sg.aws_security_group.alb_sg",
            "module.vpc.aws_vpc.main",
            "module.vpc.module.db_subnets.aws_subnet.subnet"
          ]
        }
      ]
    },
    {
      "module": "module.db",
      "mode": "managed",
      "type": "aws_db_subnet_group",
      "name": "new",
      "provider": "provider[\"registry.terraform.io/hashicorp/aws\"]",
      "instances": [
        {
          "schema_version": 0,
          "attributes": {
            "arn": "arn:aws:rds:ca-central-1:350358714376:subgrp:venus-db-subnet-group",
            "description": "Managed by Terraform",
            "id": "venus-db-subnet-group",
            "name": "venus-db-subnet-group",
            "name_prefix": null,
            "subnet_ids": [
              "subnet-03711fad8a7c68b2a",
              "subnet-0e91b7643480d288d"
            ],
            "tags": {
              "Name": "venus-db-subnet-group"
            },
            "tags_all": {
              "Name": "venus-db-subnet-group"
            }
          },
          "sensitive_attributes": [],
          "private": "bnVsbA==",
          "dependencies": [
            "module.vpc.aws_vpc.main",
            "module.vpc.module.db_subnets.aws_subnet.subnet"
          ]
        }
      ]
    },
    {
      "module": "module.venus_alb",
      "mode": "managed",
      "type": "aws_lb",
      "name": "Venus",
      "provider": "provider[\"registry.terraform.io/hashicorp/aws\"]",
      "instances": [
        {
          "schema_version": 0,
          "attributes": {
            "access_logs": [
              {
                "bucket": "",
                "enabled": false,
                "prefix": ""
              }
            ],
            "arn": "arn:aws:elasticloadbalancing:ca-central-1:350358714376:loadbalancer/app/Venus-test-alb/c9572fb26e77dfe2",
            "arn_suffix": "app/Venus-test-alb/c9572fb26e77dfe2",
            "customer_owned_ipv4_pool": "",
            "desync_mitigation_mode": "defensive",
            "dns_name": "Venus-test-alb-375779527.ca-central-1.elb.amazonaws.com",
            "drop_invalid_header_fields": false,
            "enable_cross_zone_load_balancing": null,
            "enable_deletion_protection": false,
            "enable_http2": true,
            "enable_waf_fail_open": false,
            "id": "arn:aws:elasticloadbalancing:ca-central-1:350358714376:loadbalancer/app/Venus-test-alb/c9572fb26e77dfe2",
            "idle_timeout": 60,
            "internal": false,
            "ip_address_type": "ipv4",
            "load_balancer_type": "application",
            "name": "Venus-test-alb",
            "name_prefix": null,
            "security_groups": [
              "sg-0f066704f4c59dd1e"
            ],
            "subnet_mapping": [
              {
                "allocation_id": "",
                "ipv6_address": "",
                "outpost_id": "",
                "private_ipv4_address": "",
                "subnet_id": "subnet-001f40aeb6e384ebd"
              },
              {
                "allocation_id": "",
                "ipv6_address": "",
                "outpost_id": "",
                "private_ipv4_address": "",
                "subnet_id": "subnet-0249a523aed814bfa"
              }
            ],
            "subnets": [
              "subnet-001f40aeb6e384ebd",
              "subnet-0249a523aed814bfa"
            ],
            "tags": {
              "Name": "Venus-test-alb"
            },
            "tags_all": {
              "Name": "Venus-test-alb"
            },
            "timeouts": null,
            "vpc_id": "vpc-041eab2b3b08146ef",
            "zone_id": "ZQSVJUPU6J1EY"
          },
          "sensitive_attributes": [],
          "private": "eyJlMmJmYjczMC1lY2FhLTExZTYtOGY4OC0zNDM2M2JjN2M0YzAiOnsiY3JlYXRlIjo2MDAwMDAwMDAwMDAsImRlbGV0ZSI6NjAwMDAwMDAwMDAwLCJ1cGRhdGUiOjYwMDAwMDAwMDAwMH19",
          "dependencies": [
            "module.venus_alb.module.alb_sg.aws_security_group.alb_sg",
            "module.vpc.aws_vpc.main",
            "module.vpc.module.public_subnets.aws_subnet.subnet"
          ]
        }
      ]
    },
    {
      "module": "module.venus_alb",
      "mode": "managed",
      "type": "aws_lb_listener",
      "name": "back_end",
      "provider": "provider[\"registry.terraform.io/hashicorp/aws\"]",
      "instances": [
        {
          "schema_version": 0,
          "attributes": {
            "alpn_policy": null,
            "arn": "arn:aws:elasticloadbalancing:ca-central-1:350358714376:listener/app/Venus-test-alb/c9572fb26e77dfe2/ddea86bb241606b8",
            "certificate_arn": null,
            "default_action": [
              {
                "authenticate_cognito": [],
                "authenticate_oidc": [],
                "fixed_response": [],
                "forward": [],
                "order": 1,
                "redirect": [],
                "target_group_arn": "arn:aws:elasticloadbalancing:ca-central-1:350358714376:targetgroup/tf-alb-tg-be/6ec93a5ebf2225fb",
                "type": "forward"
              }
            ],
            "id": "arn:aws:elasticloadbalancing:ca-central-1:350358714376:listener/app/Venus-test-alb/c9572fb26e77dfe2/ddea86bb241606b8",
            "load_balancer_arn": "arn:aws:elasticloadbalancing:ca-central-1:350358714376:loadbalancer/app/Venus-test-alb/c9572fb26e77dfe2",
            "port": 8080,
            "protocol": "HTTP",
            "ssl_policy": "",
            "tags": null,
            "tags_all": {},
            "timeouts": null
          },
          "sensitive_attributes": [],
          "private": "eyJlMmJmYjczMC1lY2FhLTExZTYtOGY4OC0zNDM2M2JjN2M0YzAiOnsicmVhZCI6NjAwMDAwMDAwMDAwfX0=",
          "dependencies": [
            "module.venus_alb.aws_lb.Venus",
            "module.venus_alb.aws_lb_target_group.alb_tg_BE",
            "module.venus_alb.module.alb_sg.aws_security_group.alb_sg",
            "module.vpc.aws_vpc.main",
            "module.vpc.module.public_subnets.aws_subnet.subnet"
          ]
        }
      ]
    },
    {
      "module": "module.venus_alb",
      "mode": "managed",
      "type": "aws_lb_listener",
      "name": "front_end",
      "provider": "provider[\"registry.terraform.io/hashicorp/aws\"]",
      "instances": [
        {
          "schema_version": 0,
          "attributes": {
            "alpn_policy": null,
            "arn": "arn:aws:elasticloadbalancing:ca-central-1:350358714376:listener/app/Venus-test-alb/c9572fb26e77dfe2/3fdbc68597d1900c",
            "certificate_arn": null,
            "default_action": [
              {
                "authenticate_cognito": [],
                "authenticate_oidc": [],
                "fixed_response": [],
                "forward": [],
                "order": 1,
                "redirect": [],
                "target_group_arn": "arn:aws:elasticloadbalancing:ca-central-1:350358714376:targetgroup/tf-alb-tg-fe/1bd0af54bd71bcfd",
                "type": "forward"
              }
            ],
            "id": "arn:aws:elasticloadbalancing:ca-central-1:350358714376:listener/app/Venus-test-alb/c9572fb26e77dfe2/3fdbc68597d1900c",
            "load_balancer_arn": "arn:aws:elasticloadbalancing:ca-central-1:350358714376:loadbalancer/app/Venus-test-alb/c9572fb26e77dfe2",
            "port": 80,
            "protocol": "HTTP",
            "ssl_policy": "",
            "tags": null,
            "tags_all": {},
            "timeouts": null
          },
          "sensitive_attributes": [],
          "private": "eyJlMmJmYjczMC1lY2FhLTExZTYtOGY4OC0zNDM2M2JjN2M0YzAiOnsicmVhZCI6NjAwMDAwMDAwMDAwfX0=",
          "dependencies": [
            "module.venus_alb.aws_lb.Venus",
            "module.venus_alb.aws_lb_target_group.alb_tg_FE",
            "module.venus_alb.module.alb_sg.aws_security_group.alb_sg",
            "module.vpc.aws_vpc.main",
            "module.vpc.module.public_subnets.aws_subnet.subnet"
          ]
        }
      ]
    },
    {
      "module": "module.venus_alb",
      "mode": "managed",
      "type": "aws_lb_target_group",
      "name": "alb_tg_BE",
      "provider": "provider[\"registry.terraform.io/hashicorp/aws\"]",
      "instances": [
        {
          "schema_version": 0,
          "attributes": {
            "arn": "arn:aws:elasticloadbalancing:ca-central-1:350358714376:targetgroup/tf-alb-tg-be/6ec93a5ebf2225fb",
            "arn_suffix": "targetgroup/tf-alb-tg-be/6ec93a5ebf2225fb",
            "connection_termination": false,
            "deregistration_delay": "300",
            "health_check": [
              {
                "enabled": true,
                "healthy_threshold": 5,
                "interval": 30,
                "matcher": "200",
                "path": "/",
                "port": "traffic-port",
                "protocol": "HTTP",
                "timeout": 5,
                "unhealthy_threshold": 2
              }
            ],
            "id": "arn:aws:elasticloadbalancing:ca-central-1:350358714376:targetgroup/tf-alb-tg-be/6ec93a5ebf2225fb",
            "lambda_multi_value_headers_enabled": false,
            "load_balancing_algorithm_type": "round_robin",
            "name": "tf-alb-tg-be",
            "name_prefix": null,
            "port": 8080,
            "preserve_client_ip": null,
            "protocol": "HTTP",
            "protocol_version": "HTTP1",
            "proxy_protocol_v2": false,
            "slow_start": 0,
            "stickiness": [
              {
                "cookie_duration": 86400,
                "cookie_name": "",
                "enabled": false,
                "type": "lb_cookie"
              }
            ],
            "tags": null,
            "tags_all": {},
            "target_type": "instance",
            "vpc_id": "vpc-041eab2b3b08146ef"
          },
          "sensitive_attributes": [],
          "private": "bnVsbA==",
          "dependencies": [
            "module.vpc.aws_vpc.main"
          ]
        }
      ]
    },
    {
      "module": "module.venus_alb",
      "mode": "managed",
      "type": "aws_lb_target_group",
      "name": "alb_tg_FE",
      "provider": "provider[\"registry.terraform.io/hashicorp/aws\"]",
      "instances": [
        {
          "schema_version": 0,
          "attributes": {
            "arn": "arn:aws:elasticloadbalancing:ca-central-1:350358714376:targetgroup/tf-alb-tg-fe/1bd0af54bd71bcfd",
            "arn_suffix": "targetgroup/tf-alb-tg-fe/1bd0af54bd71bcfd",
            "connection_termination": false,
            "deregistration_delay": "300",
            "health_check": [
              {
                "enabled": true,
                "healthy_threshold": 5,
                "interval": 30,
                "matcher": "200",
                "path": "/",
                "port": "traffic-port",
                "protocol": "HTTP",
                "timeout": 5,
                "unhealthy_threshold": 2
              }
            ],
            "id": "arn:aws:elasticloadbalancing:ca-central-1:350358714376:targetgroup/tf-alb-tg-fe/1bd0af54bd71bcfd",
            "lambda_multi_value_headers_enabled": false,
            "load_balancing_algorithm_type": "round_robin",
            "name": "tf-alb-tg-fe",
            "name_prefix": null,
            "port": 80,
            "preserve_client_ip": null,
            "protocol": "HTTP",
            "protocol_version": "HTTP1",
            "proxy_protocol_v2": false,
            "slow_start": 0,
            "stickiness": [
              {
                "cookie_duration": 86400,
                "cookie_name": "",
                "enabled": false,
                "type": "lb_cookie"
              }
            ],
            "tags": null,
            "tags_all": {},
            "target_type": "instance",
            "vpc_id": "vpc-041eab2b3b08146ef"
          },
          "sensitive_attributes": [],
          "private": "bnVsbA==",
          "dependencies": [
            "module.vpc.aws_vpc.main"
          ]
        }
      ]
    },
    {
      "module": "module.venus_alb.module.alb_sg",
      "mode": "managed",
      "type": "aws_security_group",
      "name": "alb_sg",
      "provider": "provider[\"registry.terraform.io/hashicorp/aws\"]",
      "instances": [
        {
          "schema_version": 1,
          "attributes": {
            "arn": "arn:aws:ec2:ca-central-1:350358714376:security-group/sg-0f066704f4c59dd1e",
            "description": "Venus ALB sg",
            "egress": [
              {
                "cidr_blocks": [
                  "0.0.0.0/0"
                ],
                "description": "",
                "from_port": 0,
                "ipv6_cidr_blocks": [],
                "prefix_list_ids": [],
                "protocol": "-1",
                "security_groups": [],
                "self": false,
                "to_port": 0
              }
            ],
            "id": "sg-0f066704f4c59dd1e",
            "ingress": [
              {
                "cidr_blocks": [
                  "0.0.0.0/0"
                ],
                "description": "",
                "from_port": 8080,
                "ipv6_cidr_blocks": [],
                "prefix_list_ids": [],
                "protocol": "tcp",
                "security_groups": [],
                "self": false,
                "to_port": 8080
              },
              {
                "cidr_blocks": [
                  "0.0.0.0/0"
                ],
                "description": "",
                "from_port": 80,
                "ipv6_cidr_blocks": [],
                "prefix_list_ids": [],
                "protocol": "tcp",
                "security_groups": [],
                "self": false,
                "to_port": 80
              }
            ],
            "name": "Venus ALB sg",
            "name_prefix": "",
            "owner_id": "350358714376",
            "revoke_rules_on_delete": false,
            "tags": {
              "Name": "Venus ALB sg"
            },
            "tags_all": {
              "Name": "Venus ALB sg"
            },
            "timeouts": null,
            "vpc_id": "vpc-041eab2b3b08146ef"
          },
          "sensitive_attributes": [],
          "private": "eyJlMmJmYjczMC1lY2FhLTExZTYtOGY4OC0zNDM2M2JjN2M0YzAiOnsiY3JlYXRlIjo2MDAwMDAwMDAwMDAsImRlbGV0ZSI6OTAwMDAwMDAwMDAwfSwic2NoZW1hX3ZlcnNpb24iOiIxIn0=",
          "dependencies": [
            "module.vpc.aws_vpc.main"
          ]
        }
      ]
    },
    {
      "module": "module.venus_asg",
      "mode": "managed",
      "type": "aws_autoscaling_group",
      "name": "BE_asg",
      "provider": "provider[\"registry.terraform.io/hashicorp/aws\"]",
      "instances": [
        {
          "schema_version": 0,
          "attributes": {
            "arn": "arn:aws:autoscaling:ca-central-1:350358714376:autoScalingGroup:93f53858-01b5-41f9-b6c6-442343ab01ef:autoScalingGroupName/Venus-BE-ASG-test",
            "availability_zones": [
              "ca-central-1a",
              "ca-central-1b"
            ],
            "capacity_rebalance": false,
            "default_cooldown": 300,
            "desired_capacity": 1,
            "enabled_metrics": null,
            "force_delete": false,
            "force_delete_warm_pool": false,
            "health_check_grace_period": 300,
            "health_check_type": "EC2",
            "id": "Venus-BE-ASG-test",
            "initial_lifecycle_hook": [],
            "instance_refresh": [],
            "launch_configuration": "",
            "launch_template": [
              {
                "id": "lt-008ceea265c9eadb2",
                "name": "Venus-BE-template-test",
                "version": ""
              }
            ],
            "load_balancers": null,
            "max_instance_lifetime": 0,
            "max_size": 2,
            "metrics_granularity": "1Minute",
            "min_elb_capacity": null,
            "min_size": 1,
            "mixed_instances_policy": [],
            "name": "Venus-BE-ASG-test",
            "name_prefix": "",
            "placement_group": "",
            "protect_from_scale_in": false,
            "service_linked_role_arn": "arn:aws:iam::350358714376:role/aws-service-role/autoscaling.amazonaws.com/AWSServiceRoleForAutoScaling",
            "suspended_processes": null,
            "tag": [
              {
                "key": "Name",
                "propagate_at_launch": true,
                "value": "Venus BE-test"
              }
            ],
            "tags": null,
            "target_group_arns": [
              "arn:aws:elasticloadbalancing:ca-central-1:350358714376:targetgroup/tf-alb-tg-be/6ec93a5ebf2225fb"
            ],
            "termination_policies": null,
            "timeouts": null,
            "vpc_zone_identifier": [
              "subnet-03146d35ae35c3141",
              "subnet-078e2b0230ef275a9"
            ],
            "wait_for_capacity_timeout": "10m",
            "wait_for_elb_capacity": null,
            "warm_pool": []
          },
          "sensitive_attributes": [],
          "private": "eyJlMmJmYjczMC1lY2FhLTExZTYtOGY4OC0zNDM2M2JjN2M0YzAiOnsiZGVsZXRlIjo2MDAwMDAwMDAwMDB9fQ==",
          "dependencies": [
            "module.BE_instance_sg.aws_security_group.instance_sg",
            "module.DB_sg.aws_security_group.instance_sg",
            "module.db.aws_db_instance.new",
            "module.db.aws_db_subnet_group.new",
            "module.venus_alb.aws_lb_target_group.alb_tg_BE",
            "module.venus_alb.module.alb_sg.aws_security_group.alb_sg",
            "module.venus_asg.module.launch_template_BE.aws_launch_template.Venus_launch_template",
            "module.vpc.aws_vpc.main",
            "module.vpc.module.db_subnets.aws_subnet.subnet",
            "module.vpc.module.private_subnets.aws_subnet.subnet"
          ]
        }
      ]
    },
    {
      "module": "module.venus_asg",
      "mode": "managed",
      "type": "aws_autoscaling_group",
      "name": "FE_asg",
      "provider": "provider[\"registry.terraform.io/hashicorp/aws\"]",
      "instances": [
        {
          "schema_version": 0,
          "attributes": {
            "arn": "arn:aws:autoscaling:ca-central-1:350358714376:autoScalingGroup:8dc9822e-7033-4df0-9ed8-00878ccfda33:autoScalingGroupName/Venus-FE-ASG-test",
            "availability_zones": [
              "ca-central-1a",
              "ca-central-1b"
            ],
            "capacity_rebalance": false,
            "default_cooldown": 300,
            "desired_capacity": 1,
            "enabled_metrics": null,
            "force_delete": false,
            "force_delete_warm_pool": false,
            "health_check_grace_period": 300,
            "health_check_type": "EC2",
            "id": "Venus-FE-ASG-test",
            "initial_lifecycle_hook": [],
            "instance_refresh": [],
            "launch_configuration": "",
            "launch_template": [
              {
                "id": "lt-04aad8bff1fa5c20d",
                "name": "Venus-FE-template-test",
                "version": ""
              }
            ],
            "load_balancers": null,
            "max_instance_lifetime": 0,
            "max_size": 2,
            "metrics_granularity": "1Minute",
            "min_elb_capacity": null,
            "min_size": 1,
            "mixed_instances_policy": [],
            "name": "Venus-FE-ASG-test",
            "name_prefix": "",
            "placement_group": "",
            "protect_from_scale_in": false,
            "service_linked_role_arn": "arn:aws:iam::350358714376:role/aws-service-role/autoscaling.amazonaws.com/AWSServiceRoleForAutoScaling",
            "suspended_processes": null,
            "tag": [
              {
                "key": "Name",
                "propagate_at_launch": true,
                "value": "Venus FE-test"
              }
            ],
            "tags": null,
            "target_group_arns": [
              "arn:aws:elasticloadbalancing:ca-central-1:350358714376:targetgroup/tf-alb-tg-fe/1bd0af54bd71bcfd"
            ],
            "termination_policies": null,
            "timeouts": null,
            "vpc_zone_identifier": [
              "subnet-03146d35ae35c3141",
              "subnet-078e2b0230ef275a9"
            ],
            "wait_for_capacity_timeout": "10m",
            "wait_for_elb_capacity": null,
            "warm_pool": []
          },
          "sensitive_attributes": [],
          "private": "eyJlMmJmYjczMC1lY2FhLTExZTYtOGY4OC0zNDM2M2JjN2M0YzAiOnsiZGVsZXRlIjo2MDAwMDAwMDAwMDB9fQ==",
          "dependencies": [
            "module.FE_instance_sg.aws_security_group.instance_sg",
            "module.venus_alb.aws_lb.Venus",
            "module.venus_alb.aws_lb_target_group.alb_tg_FE",
            "module.venus_alb.module.alb_sg.aws_security_group.alb_sg",
            "module.venus_asg.module.launch_template_FE.aws_launch_template.Venus_launch_template",
            "module.vpc.aws_vpc.main",
            "module.vpc.module.private_subnets.aws_subnet.subnet",
            "module.vpc.module.public_subnets.aws_subnet.subnet"
          ]
        }
      ]
    },
    {
      "module": "module.venus_asg",
      "mode": "managed",
      "type": "aws_autoscaling_policy",
      "name": "BE_Venus_scaling_policy",
      "provider": "provider[\"registry.terraform.io/hashicorp/aws\"]",
      "instances": [
        {
          "schema_version": 0,
          "attributes": {
            "adjustment_type": "",
            "arn": "arn:aws:autoscaling:ca-central-1:350358714376:scalingPolicy:327cf20c-20b2-4f16-b37a-95af4a0b17ad:autoScalingGroupName/Venus-BE-ASG-test:policyName/Venus-scaling-policy",
            "autoscaling_group_name": "Venus-BE-ASG-test",
            "cooldown": 0,
            "estimated_instance_warmup": 0,
            "id": "Venus-scaling-policy",
            "metric_aggregation_type": "",
            "min_adjustment_magnitude": null,
            "name": "Venus-scaling-policy",
            "policy_type": "TargetTrackingScaling",
            "predictive_scaling_configuration": [],
            "scaling_adjustment": 0,
            "step_adjustment": [],
            "target_tracking_configuration": [
              {
                "customized_metric_specification": [],
                "disable_scale_in": false,
                "predefined_metric_specification": [
                  {
                    "predefined_metric_type": "ASGAverageCPUUtilization",
                    "resource_label": ""
                  }
                ],
                "target_value": 50
              }
            ]
          },
          "sensitive_attributes": [],
          "private": "bnVsbA==",
          "dependencies": [
            "module.BE_instance_sg.aws_security_group.instance_sg",
            "module.DB_sg.aws_security_group.instance_sg",
            "module.db.aws_db_instance.new",
            "module.db.aws_db_subnet_group.new",
            "module.venus_alb.aws_lb_target_group.alb_tg_BE",
            "module.venus_alb.module.alb_sg.aws_security_group.alb_sg",
            "module.venus_asg.aws_autoscaling_group.BE_asg",
            "module.venus_asg.module.launch_template_BE.aws_launch_template.Venus_launch_template",
            "module.vpc.aws_vpc.main",
            "module.vpc.module.db_subnets.aws_subnet.subnet",
            "module.vpc.module.private_subnets.aws_subnet.subnet"
          ]
        }
      ]
    },
    {
      "module": "module.venus_asg",
      "mode": "managed",
      "type": "aws_autoscaling_policy",
      "name": "FE_Venus_scaling_policy",
      "provider": "provider[\"registry.terraform.io/hashicorp/aws\"]",
      "instances": [
        {
          "schema_version": 0,
          "attributes": {
            "adjustment_type": "",
            "arn": "arn:aws:autoscaling:ca-central-1:350358714376:scalingPolicy:45472674-969b-48a9-84f1-ec5a4d03b118:autoScalingGroupName/Venus-FE-ASG-test:policyName/Venus-scaling-policy",
            "autoscaling_group_name": "Venus-FE-ASG-test",
            "cooldown": 0,
            "estimated_instance_warmup": 0,
            "id": "Venus-scaling-policy",
            "metric_aggregation_type": "",
            "min_adjustment_magnitude": null,
            "name": "Venus-scaling-policy",
            "policy_type": "TargetTrackingScaling",
            "predictive_scaling_configuration": [],
            "scaling_adjustment": 0,
            "step_adjustment": [],
            "target_tracking_configuration": [
              {
                "customized_metric_specification": [],
                "disable_scale_in": false,
                "predefined_metric_specification": [
                  {
                    "predefined_metric_type": "ASGAverageCPUUtilization",
                    "resource_label": ""
                  }
                ],
                "target_value": 50
              }
            ]
          },
          "sensitive_attributes": [],
          "private": "bnVsbA==",
          "dependencies": [
            "module.FE_instance_sg.aws_security_group.instance_sg",
            "module.venus_alb.aws_lb.Venus",
            "module.venus_alb.aws_lb_target_group.alb_tg_FE",
            "module.venus_alb.module.alb_sg.aws_security_group.alb_sg",
            "module.venus_asg.aws_autoscaling_group.FE_asg",
            "module.venus_asg.module.launch_template_FE.aws_launch_template.Venus_launch_template",
            "module.vpc.aws_vpc.main",
            "module.vpc.module.private_subnets.aws_subnet.subnet",
            "module.vpc.module.public_subnets.aws_subnet.subnet"
          ]
        }
      ]
    },
    {
      "module": "module.venus_asg.module.launch_template_BE",
      "mode": "managed",
      "type": "aws_launch_template",
      "name": "Venus_launch_template",
      "provider": "provider[\"registry.terraform.io/hashicorp/aws\"]",
      "instances": [
        {
          "schema_version": 0,
          "attributes": {
            "arn": "arn:aws:ec2:ca-central-1:350358714376:launch-template/lt-008ceea265c9eadb2",
            "block_device_mappings": [],
            "capacity_reservation_specification": [],
            "cpu_options": [],
            "credit_specification": [],
            "default_version": 1,
            "description": "Venus BE template",
            "disable_api_termination": false,
            "ebs_optimized": "false",
            "elastic_gpu_specifications": [],
            "elastic_inference_accelerator": [],
            "enclave_options": [],
            "hibernation_options": [],
            "iam_instance_profile": [],
            "id": "lt-008ceea265c9eadb2",
            "image_id": "ami-041d49677629acc40",
            "instance_initiated_shutdown_behavior": "",
            "instance_market_options": [],
            "instance_type": "t2.micro",
            "kernel_id": "",
            "key_name": "",
            "latest_version": 1,
            "license_specification": [],
            "metadata_options": [],
            "monitoring": [],
            "name": "Venus-BE-template-test",
            "name_prefix": "",
            "network_interfaces": [
              {
                "associate_carrier_ip_address": "",
                "associate_public_ip_address": "false",
                "delete_on_termination": "",
                "description": "",
                "device_index": 0,
                "interface_type": "",
                "ipv4_address_count": 0,
                "ipv4_addresses": null,
                "ipv6_address_count": 0,
                "ipv6_addresses": null,
                "network_card_index": 0,
                "network_interface_id": "",
                "private_ip_address": "",
                "security_groups": [
                  "sg-0c154a8fb93fb35a1"
                ],
                "subnet_id": ""
              }
            ],
            "placement": [],
            "ram_disk_id": "",
            "security_group_names": null,
            "tag_specifications": [
              {
                "resource_type": "instance",
                "tags": {
                  "Name": "Venus BE"
                }
              }
            ],
            "tags": null,
            "tags_all": {},
            "update_default_version": null,
            "user_data": "IyEvYmluL2Jhc2gNCnl1bSB1cGRhdGUgLXkNCnl1bSBpbnN0YWxsIGphdmEgLXkNCndnZXQgaHR0cHM6Ly9naXRodWIuY29tL3NjQ2xvdWRFbmdpbmVlclByb2dyYW1WZW51cy9zbWFydGJhbmstbW9kdWxlcy9yYXcvYm95YW5nL3VwZGF0ZS1iYWNrZW5kLWZvci1wcm9kLWVudi9zbWFydC1iYW5rLWFwaS5qYXINCmphdmEgLURzcHJpbmcuZGF0YXNvdXJjZS51cmw9amRiYzpwb3N0Z3Jlc3FsOi8vdmVudXMtZGIuY2dzYmhpc2V2MXp4LmNhLWNlbnRyYWwtMS5yZHMuYW1hem9uYXdzLmNvbTo1NDMyL3NtYXJ0YmFua2RiIC1qYXIgc21hcnQtYmFuay1hcGkuamFyICY=",
            "vpc_security_group_ids": null
          },
          "sensitive_attributes": [],
          "private": "bnVsbA==",
          "dependencies": [
            "module.BE_instance_sg.aws_security_group.instance_sg",
            "module.DB_sg.aws_security_group.instance_sg",
            "module.db.aws_db_instance.new",
            "module.db.aws_db_subnet_group.new",
            "module.venus_alb.module.alb_sg.aws_security_group.alb_sg",
            "module.vpc.aws_vpc.main",
            "module.vpc.module.db_subnets.aws_subnet.subnet"
          ]
        }
      ]
    },
    {
      "module": "module.venus_asg.module.launch_template_FE",
      "mode": "managed",
      "type": "aws_launch_template",
      "name": "Venus_launch_template",
      "provider": "provider[\"registry.terraform.io/hashicorp/aws\"]",
      "instances": [
        {
          "schema_version": 0,
          "attributes": {
            "arn": "arn:aws:ec2:ca-central-1:350358714376:launch-template/lt-04aad8bff1fa5c20d",
            "block_device_mappings": [],
            "capacity_reservation_specification": [],
            "cpu_options": [],
            "credit_specification": [],
            "default_version": 1,
            "description": "Venus FE template",
            "disable_api_termination": false,
            "ebs_optimized": "false",
            "elastic_gpu_specifications": [],
            "elastic_inference_accelerator": [],
            "enclave_options": [],
            "hibernation_options": [],
            "iam_instance_profile": [],
            "id": "lt-04aad8bff1fa5c20d",
            "image_id": "ami-041d49677629acc40",
            "instance_initiated_shutdown_behavior": "",
            "instance_market_options": [],
            "instance_type": "t2.micro",
            "kernel_id": "",
            "key_name": "",
            "latest_version": 1,
            "license_specification": [],
            "metadata_options": [],
            "monitoring": [],
            "name": "Venus-FE-template-test",
            "name_prefix": "",
            "network_interfaces": [
              {
                "associate_carrier_ip_address": "",
                "associate_public_ip_address": "false",
                "delete_on_termination": "",
                "description": "",
                "device_index": 0,
                "interface_type": "",
                "ipv4_address_count": 0,
                "ipv4_addresses": null,
                "ipv6_address_count": 0,
                "ipv6_addresses": null,
                "network_card_index": 0,
                "network_interface_id": "",
                "private_ip_address": "",
                "security_groups": [
                  "sg-0e03d6dc6364ca224"
                ],
                "subnet_id": ""
              }
            ],
            "placement": [],
            "ram_disk_id": "",
            "security_group_names": null,
            "tag_specifications": [
              {
                "resource_type": "instance",
                "tags": {
                  "Name": "Venus FE"
                }
              }
            ],
            "tags": null,
            "tags_all": {},
            "update_default_version": null,
            "user_data": "IyEvYmluL2Jhc2gNCnl1bSB1cGRhdGUgLXkNCnl1bSBpbnN0YWxsIGdpdCBjdXJsIC15DQpjZCAvaG9tZS9lYzItdXNlci8NCmN1cmwgLS1zaWxlbnQgLS1sb2NhdGlvbiBodHRwczovL3JwbS5ub2Rlc291cmNlLmNvbS9zZXR1cF8xNC54IHwgc3VkbyBiYXNoDQpzdWRvIHl1bSBpbnN0YWxsIC15IG5vZGVqcw0KZ2l0IGNsb25lIGh0dHBzOi8vZ2l0aHViLmNvbS9zY0Nsb3VkRW5naW5lZXJQcm9ncmFtVmVudXMvc21hcnRiYW5rLW1vZHVsZXMuZ2l0DQpjZCAvaG9tZS9lYzItdXNlci9zbWFydGJhbmstbW9kdWxlcy8NCmdpdCBjaGVja291dCByYXluZXIvRkUtcG9pbnQtdG8tQkUtTEINCmdpdCBwdWxsIG9yaWdpbg0KY2QgL2hvbWUvZWMyLXVzZXIvc21hcnRiYW5rLW1vZHVsZXMvbW9kdWxlMy8NCnN1ZG8gZWNobyAiZXhwb3J0IGNvbnN0IEFQSV9VUkwgPSAnaHR0cDovL1ZlbnVzLXRlc3QtYWxiLTM3NTc3OTUyNy5jYS1jZW50cmFsLTEuZWxiLmFtYXpvbmF3cy5jb206ODA4MC8nIiA+IHNyYy9Db25zdGFudHMuanMNCm5wbSBpbnN0YWxsDQpQT1JUPTgwIG5wbSBydW4gc3RhcnQm",
            "vpc_security_group_ids": null
          },
          "sensitive_attributes": [],
          "private": "bnVsbA==",
          "dependencies": [
            "module.FE_instance_sg.aws_security_group.instance_sg",
            "module.venus_alb.aws_lb.Venus",
            "module.venus_alb.module.alb_sg.aws_security_group.alb_sg",
            "module.vpc.aws_vpc.main",
            "module.vpc.module.public_subnets.aws_subnet.subnet"
          ]
        }
      ]
    },
    {
      "module": "module.vpc",
      "mode": "managed",
      "type": "aws_internet_gateway",
      "name": "gw",
      "provider": "provider[\"registry.terraform.io/hashicorp/aws\"]",
      "instances": [
        {
          "schema_version": 0,
          "attributes": {
            "arn": "arn:aws:ec2:ca-central-1:350358714376:internet-gateway/igw-033b4f925182d6aff",
            "id": "igw-033b4f925182d6aff",
            "owner_id": "350358714376",
            "tags": {
              "Name": "bobby-test-gw"
            },
            "tags_all": {
              "Name": "bobby-test-gw"
            },
            "vpc_id": "vpc-041eab2b3b08146ef"
          },
          "sensitive_attributes": [],
          "private": "bnVsbA==",
          "dependencies": [
            "module.vpc.aws_vpc.main"
          ]
        }
      ]
    },
    {
      "module": "module.vpc",
      "mode": "managed",
      "type": "aws_route_table",
      "name": "dbprivate",
      "provider": "provider[\"registry.terraform.io/hashicorp/aws\"]",
      "instances": [
        {
          "schema_version": 0,
          "attributes": {
            "arn": "arn:aws:ec2:ca-central-1:350358714376:route-table/rtb-04357e36afe782e30",
            "id": "rtb-04357e36afe782e30",
            "owner_id": "350358714376",
            "propagating_vgws": [],
            "route": [],
            "tags": {
              "Name": "venus-db-private-route"
            },
            "tags_all": {
              "Name": "venus-db-private-route"
            },
            "timeouts": null,
            "vpc_id": "vpc-041eab2b3b08146ef"
          },
          "sensitive_attributes": [],
          "private": "eyJlMmJmYjczMC1lY2FhLTExZTYtOGY4OC0zNDM2M2JjN2M0YzAiOnsiY3JlYXRlIjozMDAwMDAwMDAwMDAsImRlbGV0ZSI6MzAwMDAwMDAwMDAwLCJ1cGRhdGUiOjEyMDAwMDAwMDAwMH19",
          "dependencies": [
            "module.vpc.aws_vpc.main"
          ]
        }
      ]
    },
    {
      "module": "module.vpc",
      "mode": "managed",
      "type": "aws_route_table_association",
      "name": "db",
      "provider": "provider[\"registry.terraform.io/hashicorp/aws\"]",
      "instances": [
        {
          "index_key": 0,
          "schema_version": 0,
          "attributes": {
            "gateway_id": "",
            "id": "rtbassoc-082d8e6e3d8a337e3",
            "route_table_id": "rtb-04357e36afe782e30",
            "subnet_id": "subnet-0e91b7643480d288d"
          },
          "sensitive_attributes": [],
          "private": "bnVsbA==",
          "dependencies": [
            "module.vpc.aws_route_table.dbprivate",
            "module.vpc.aws_vpc.main",
            "module.vpc.module.db_subnets.aws_subnet.subnet"
          ]
        },
        {
          "index_key": 1,
          "schema_version": 0,
          "attributes": {
            "gateway_id": "",
            "id": "rtbassoc-02f88b860d44547de",
            "route_table_id": "rtb-04357e36afe782e30",
            "subnet_id": "subnet-03711fad8a7c68b2a"
          },
          "sensitive_attributes": [],
          "private": "bnVsbA==",
          "dependencies": [
            "module.vpc.aws_route_table.dbprivate",
            "module.vpc.aws_vpc.main",
            "module.vpc.module.db_subnets.aws_subnet.subnet"
          ]
        }
      ]
    },
    {
      "module": "module.vpc",
      "mode": "managed",
      "type": "aws_route_table_association",
      "name": "private",
      "provider": "provider[\"registry.terraform.io/hashicorp/aws\"]",
      "instances": [
        {
          "index_key": 0,
          "schema_version": 0,
          "attributes": {
            "gateway_id": "",
            "id": "rtbassoc-013a9651e30d5c6c1",
            "route_table_id": "rtb-09f96b9cf8973c527",
            "subnet_id": "subnet-078e2b0230ef275a9"
          },
          "sensitive_attributes": [],
          "private": "bnVsbA==",
          "dependencies": [
            "module.vpc.aws_vpc.main",
            "module.vpc.module.natGateways.aws_eip.eip",
            "module.vpc.module.natGateways.aws_nat_gateway.nat",
            "module.vpc.module.private_subnet_route_tables.aws_route_table.route_table",
            "module.vpc.module.private_subnets.aws_subnet.subnet",
            "module.vpc.module.public_subnets.aws_subnet.subnet"
          ]
        },
        {
          "index_key": 1,
          "schema_version": 0,
          "attributes": {
            "gateway_id": "",
            "id": "rtbassoc-0a232ff611780ce54",
            "route_table_id": "rtb-0806d23c8fccc13c7",
            "subnet_id": "subnet-03146d35ae35c3141"
          },
          "sensitive_attributes": [],
          "private": "bnVsbA==",
          "dependencies": [
            "module.vpc.aws_vpc.main",
            "module.vpc.module.natGateways.aws_eip.eip",
            "module.vpc.module.natGateways.aws_nat_gateway.nat",
            "module.vpc.module.private_subnet_route_tables.aws_route_table.route_table",
            "module.vpc.module.private_subnets.aws_subnet.subnet",
            "module.vpc.module.public_subnets.aws_subnet.subnet"
          ]
        }
      ]
    },
    {
      "module": "module.vpc",
      "mode": "managed",
      "type": "aws_route_table_association",
      "name": "public",
      "provider": "provider[\"registry.terraform.io/hashicorp/aws\"]",
      "instances": [
        {
          "index_key": 0,
          "schema_version": 0,
          "attributes": {
            "gateway_id": "",
            "id": "rtbassoc-0aaa82d3cdace4e00",
            "route_table_id": "rtb-0b2a1b6fe466f405d",
            "subnet_id": "subnet-0249a523aed814bfa"
          },
          "sensitive_attributes": [],
          "private": "bnVsbA==",
          "dependencies": [
            "module.vpc.aws_internet_gateway.gw",
            "module.vpc.aws_vpc.main",
            "module.vpc.module.public_subnet_route_table.aws_route_table.route_table",
            "module.vpc.module.public_subnets.aws_subnet.subnet"
          ]
        },
        {
          "index_key": 1,
          "schema_version": 0,
          "attributes": {
            "gateway_id": "",
            "id": "rtbassoc-05a6199a159e049db",
            "route_table_id": "rtb-0b2a1b6fe466f405d",
            "subnet_id": "subnet-001f40aeb6e384ebd"
          },
          "sensitive_attributes": [],
          "private": "bnVsbA==",
          "dependencies": [
            "module.vpc.aws_internet_gateway.gw",
            "module.vpc.aws_vpc.main",
            "module.vpc.module.public_subnet_route_table.aws_route_table.route_table",
            "module.vpc.module.public_subnets.aws_subnet.subnet"
          ]
        }
      ]
    },
    {
      "module": "module.vpc",
      "mode": "managed",
      "type": "aws_vpc",
      "name": "main",
      "provider": "provider[\"registry.terraform.io/hashicorp/aws\"]",
      "instances": [
        {
          "schema_version": 1,
          "attributes": {
            "arn": "arn:aws:ec2:ca-central-1:350358714376:vpc/vpc-041eab2b3b08146ef",
            "assign_generated_ipv6_cidr_block": false,
            "cidr_block": "10.0.0.0/16",
            "default_network_acl_id": "acl-0faf174e8489916bc",
            "default_route_table_id": "rtb-028fa10dd93d228fe",
            "default_security_group_id": "sg-0b860ca355f0ef2a8",
            "dhcp_options_id": "dopt-09b9e16fdd83249db",
            "enable_classiclink": false,
            "enable_classiclink_dns_support": false,
            "enable_dns_hostnames": false,
            "enable_dns_support": true,
            "id": "vpc-041eab2b3b08146ef",
            "instance_tenancy": "default",
            "ipv4_ipam_pool_id": null,
            "ipv4_netmask_length": null,
            "ipv6_association_id": "",
            "ipv6_cidr_block": "",
            "ipv6_cidr_block_network_border_group": "",
            "ipv6_ipam_pool_id": "",
            "ipv6_netmask_length": 0,
            "main_route_table_id": "rtb-028fa10dd93d228fe",
            "owner_id": "350358714376",
            "tags": {
              "Name": "bobby-test"
            },
            "tags_all": {
              "Name": "bobby-test"
            }
          },
          "sensitive_attributes": [],
          "private": "eyJzY2hlbWFfdmVyc2lvbiI6IjEifQ=="
        }
      ]
    },
    {
      "module": "module.vpc.module.db_subnets[0]",
      "mode": "managed",
      "type": "aws_subnet",
      "name": "subnet",
      "provider": "provider[\"registry.terraform.io/hashicorp/aws\"]",
      "instances": [
        {
          "schema_version": 1,
          "attributes": {
            "arn": "arn:aws:ec2:ca-central-1:350358714376:subnet/subnet-0e91b7643480d288d",
            "assign_ipv6_address_on_creation": false,
            "availability_zone": "ca-central-1a",
            "availability_zone_id": "cac1-az1",
            "cidr_block": "10.0.40.0/24",
            "customer_owned_ipv4_pool": "",
            "enable_dns64": false,
            "enable_resource_name_dns_a_record_on_launch": false,
            "enable_resource_name_dns_aaaa_record_on_launch": false,
            "id": "subnet-0e91b7643480d288d",
            "ipv6_cidr_block": "",
            "ipv6_cidr_block_association_id": "",
            "ipv6_native": false,
            "map_customer_owned_ip_on_launch": false,
            "map_public_ip_on_launch": false,
            "outpost_arn": "",
            "owner_id": "350358714376",
            "private_dns_hostname_type_on_launch": "ip-name",
            "tags": {
              "Name": "venus-db-private-subnet-01"
            },
            "tags_all": {
              "Name": "venus-db-private-subnet-01"
            },
            "timeouts": null,
            "vpc_id": "vpc-041eab2b3b08146ef"
          },
          "sensitive_attributes": [],
          "private": "eyJlMmJmYjczMC1lY2FhLTExZTYtOGY4OC0zNDM2M2JjN2M0YzAiOnsiY3JlYXRlIjo2MDAwMDAwMDAwMDAsImRlbGV0ZSI6MTIwMDAwMDAwMDAwMH0sInNjaGVtYV92ZXJzaW9uIjoiMSJ9",
          "dependencies": [
            "module.vpc.aws_vpc.main"
          ]
        }
      ]
    },
    {
      "module": "module.vpc.module.db_subnets[1]",
      "mode": "managed",
      "type": "aws_subnet",
      "name": "subnet",
      "provider": "provider[\"registry.terraform.io/hashicorp/aws\"]",
      "instances": [
        {
          "schema_version": 1,
          "attributes": {
            "arn": "arn:aws:ec2:ca-central-1:350358714376:subnet/subnet-03711fad8a7c68b2a",
            "assign_ipv6_address_on_creation": false,
            "availability_zone": "ca-central-1b",
            "availability_zone_id": "cac1-az2",
            "cidr_block": "10.0.50.0/24",
            "customer_owned_ipv4_pool": "",
            "enable_dns64": false,
            "enable_resource_name_dns_a_record_on_launch": false,
            "enable_resource_name_dns_aaaa_record_on_launch": false,
            "id": "subnet-03711fad8a7c68b2a",
            "ipv6_cidr_block": "",
            "ipv6_cidr_block_association_id": "",
            "ipv6_native": false,
            "map_customer_owned_ip_on_launch": false,
            "map_public_ip_on_launch": false,
            "outpost_arn": "",
            "owner_id": "350358714376",
            "private_dns_hostname_type_on_launch": "ip-name",
            "tags": {
              "Name": "venus-db-private-subnet-02"
            },
            "tags_all": {
              "Name": "venus-db-private-subnet-02"
            },
            "timeouts": null,
            "vpc_id": "vpc-041eab2b3b08146ef"
          },
          "sensitive_attributes": [],
          "private": "eyJlMmJmYjczMC1lY2FhLTExZTYtOGY4OC0zNDM2M2JjN2M0YzAiOnsiY3JlYXRlIjo2MDAwMDAwMDAwMDAsImRlbGV0ZSI6MTIwMDAwMDAwMDAwMH0sInNjaGVtYV92ZXJzaW9uIjoiMSJ9",
          "dependencies": [
            "module.vpc.aws_vpc.main"
          ]
        }
      ]
    },
    {
      "module": "module.vpc.module.natGateways[0]",
      "mode": "managed",
      "type": "aws_eip",
      "name": "eip",
      "provider": "provider[\"registry.terraform.io/hashicorp/aws\"]",
      "instances": [
        {
          "schema_version": 0,
          "attributes": {
            "address": null,
            "allocation_id": "eipalloc-079e9ca118e348037",
            "associate_with_private_ip": null,
            "association_id": "",
            "carrier_ip": "",
            "customer_owned_ip": "",
            "customer_owned_ipv4_pool": "",
            "domain": "vpc",
            "id": "eipalloc-079e9ca118e348037",
            "instance": "",
            "network_border_group": "ca-central-1",
            "network_interface": "",
            "private_dns": null,
            "private_ip": "",
            "public_dns": "ec2-52-60-94-157.ca-central-1.compute.amazonaws.com",
            "public_ip": "52.60.94.157",
            "public_ipv4_pool": "amazon",
            "tags": null,
            "tags_all": {},
            "timeouts": null,
            "vpc": true
          },
          "sensitive_attributes": [],
          "private": "eyJlMmJmYjczMC1lY2FhLTExZTYtOGY4OC0zNDM2M2JjN2M0YzAiOnsiZGVsZXRlIjoxODAwMDAwMDAwMDAsInJlYWQiOjkwMDAwMDAwMDAwMCwidXBkYXRlIjozMDAwMDAwMDAwMDB9fQ==",
          "dependencies": [
            "module.vpc.aws_vpc.main",
            "module.vpc.module.public_subnets.aws_subnet.subnet"
          ]
        }
      ]
    },
    {
      "module": "module.vpc.module.natGateways[0]",
      "mode": "managed",
      "type": "aws_nat_gateway",
      "name": "nat",
      "provider": "provider[\"registry.terraform.io/hashicorp/aws\"]",
      "instances": [
        {
          "schema_version": 0,
          "attributes": {
            "allocation_id": "eipalloc-079e9ca118e348037",
            "connectivity_type": "public",
            "id": "nat-07b340e3084da2fac",
            "network_interface_id": "eni-0be172d0fd8a5088d",
            "private_ip": "10.0.0.84",
            "public_ip": "52.60.94.157",
            "subnet_id": "subnet-0249a523aed814bfa",
            "tags": {
              "Name": "venus-nat-1"
            },
            "tags_all": {
              "Name": "venus-nat-1"
            }
          },
          "sensitive_attributes": [],
          "private": "bnVsbA==",
          "dependencies": [
            "module.vpc.aws_vpc.main",
            "module.vpc.module.natGateways.aws_eip.eip",
            "module.vpc.module.public_subnets.aws_subnet.subnet"
          ]
        }
      ]
    },
    {
      "module": "module.vpc.module.natGateways[1]",
      "mode": "managed",
      "type": "aws_eip",
      "name": "eip",
      "provider": "provider[\"registry.terraform.io/hashicorp/aws\"]",
      "instances": [
        {
          "schema_version": 0,
          "attributes": {
            "address": null,
            "allocation_id": "eipalloc-02f4db3f46b67dd99",
            "associate_with_private_ip": null,
            "association_id": "",
            "carrier_ip": "",
            "customer_owned_ip": "",
            "customer_owned_ipv4_pool": "",
            "domain": "vpc",
            "id": "eipalloc-02f4db3f46b67dd99",
            "instance": "",
            "network_border_group": "ca-central-1",
            "network_interface": "",
            "private_dns": null,
            "private_ip": "",
            "public_dns": "ec2-35-183-166-73.ca-central-1.compute.amazonaws.com",
            "public_ip": "35.183.166.73",
            "public_ipv4_pool": "amazon",
            "tags": null,
            "tags_all": {},
            "timeouts": null,
            "vpc": true
          },
          "sensitive_attributes": [],
          "private": "eyJlMmJmYjczMC1lY2FhLTExZTYtOGY4OC0zNDM2M2JjN2M0YzAiOnsiZGVsZXRlIjoxODAwMDAwMDAwMDAsInJlYWQiOjkwMDAwMDAwMDAwMCwidXBkYXRlIjozMDAwMDAwMDAwMDB9fQ==",
          "dependencies": [
            "module.vpc.aws_vpc.main",
            "module.vpc.module.public_subnets.aws_subnet.subnet"
          ]
        }
      ]
    },
    {
      "module": "module.vpc.module.natGateways[1]",
      "mode": "managed",
      "type": "aws_nat_gateway",
      "name": "nat",
      "provider": "provider[\"registry.terraform.io/hashicorp/aws\"]",
      "instances": [
        {
          "schema_version": 0,
          "attributes": {
            "allocation_id": "eipalloc-02f4db3f46b67dd99",
            "connectivity_type": "public",
            "id": "nat-0ced885c62b143a04",
            "network_interface_id": "eni-0e3da280ed4d2dfea",
            "private_ip": "10.0.10.76",
            "public_ip": "35.183.166.73",
            "subnet_id": "subnet-001f40aeb6e384ebd",
            "tags": {
              "Name": "venus-nat-2"
            },
            "tags_all": {
              "Name": "venus-nat-2"
            }
          },
          "sensitive_attributes": [],
          "private": "bnVsbA==",
          "dependencies": [
            "module.vpc.aws_vpc.main",
            "module.vpc.module.natGateways.aws_eip.eip",
            "module.vpc.module.public_subnets.aws_subnet.subnet"
          ]
        }
      ]
    },
    {
      "module": "module.vpc.module.private_subnet_route_tables[0]",
      "mode": "managed",
      "type": "aws_route_table",
      "name": "route_table",
      "provider": "provider[\"registry.terraform.io/hashicorp/aws\"]",
      "instances": [
        {
          "schema_version": 0,
          "attributes": {
            "arn": "arn:aws:ec2:ca-central-1:350358714376:route-table/rtb-09f96b9cf8973c527",
            "id": "rtb-09f96b9cf8973c527",
            "owner_id": "350358714376",
            "propagating_vgws": [],
            "route": [
              {
                "carrier_gateway_id": "",
                "cidr_block": "0.0.0.0/0",
                "destination_prefix_list_id": "",
                "egress_only_gateway_id": "",
                "gateway_id": "nat-07b340e3084da2fac",
                "instance_id": "",
                "ipv6_cidr_block": "",
                "local_gateway_id": "",
                "nat_gateway_id": "",
                "network_interface_id": "",
                "transit_gateway_id": "",
                "vpc_endpoint_id": "",
                "vpc_peering_connection_id": ""
              }
            ],
            "tags": {
              "Name": "venus-private-route-01"
            },
            "tags_all": {
              "Name": "venus-private-route-01"
            },
            "timeouts": null,
            "vpc_id": "vpc-041eab2b3b08146ef"
          },
          "sensitive_attributes": [],
          "private": "eyJlMmJmYjczMC1lY2FhLTExZTYtOGY4OC0zNDM2M2JjN2M0YzAiOnsiY3JlYXRlIjozMDAwMDAwMDAwMDAsImRlbGV0ZSI6MzAwMDAwMDAwMDAwLCJ1cGRhdGUiOjEyMDAwMDAwMDAwMH19",
          "dependencies": [
            "module.vpc.aws_vpc.main",
            "module.vpc.module.natGateways.aws_eip.eip",
            "module.vpc.module.natGateways.aws_nat_gateway.nat",
            "module.vpc.module.public_subnets.aws_subnet.subnet"
          ]
        }
      ]
    },
    {
      "module": "module.vpc.module.private_subnet_route_tables[1]",
      "mode": "managed",
      "type": "aws_route_table",
      "name": "route_table",
      "provider": "provider[\"registry.terraform.io/hashicorp/aws\"]",
      "instances": [
        {
          "schema_version": 0,
          "attributes": {
            "arn": "arn:aws:ec2:ca-central-1:350358714376:route-table/rtb-0806d23c8fccc13c7",
            "id": "rtb-0806d23c8fccc13c7",
            "owner_id": "350358714376",
            "propagating_vgws": [],
            "route": [
              {
                "carrier_gateway_id": "",
                "cidr_block": "0.0.0.0/0",
                "destination_prefix_list_id": "",
                "egress_only_gateway_id": "",
                "gateway_id": "nat-0ced885c62b143a04",
                "instance_id": "",
                "ipv6_cidr_block": "",
                "local_gateway_id": "",
                "nat_gateway_id": "",
                "network_interface_id": "",
                "transit_gateway_id": "",
                "vpc_endpoint_id": "",
                "vpc_peering_connection_id": ""
              }
            ],
            "tags": {
              "Name": "venus-private-route-02"
            },
            "tags_all": {
              "Name": "venus-private-route-02"
            },
            "timeouts": null,
            "vpc_id": "vpc-041eab2b3b08146ef"
          },
          "sensitive_attributes": [],
          "private": "eyJlMmJmYjczMC1lY2FhLTExZTYtOGY4OC0zNDM2M2JjN2M0YzAiOnsiY3JlYXRlIjozMDAwMDAwMDAwMDAsImRlbGV0ZSI6MzAwMDAwMDAwMDAwLCJ1cGRhdGUiOjEyMDAwMDAwMDAwMH19",
          "dependencies": [
            "module.vpc.aws_vpc.main",
            "module.vpc.module.natGateways.aws_eip.eip",
            "module.vpc.module.natGateways.aws_nat_gateway.nat",
            "module.vpc.module.public_subnets.aws_subnet.subnet"
          ]
        }
      ]
    },
    {
      "module": "module.vpc.module.private_subnets[0]",
      "mode": "managed",
      "type": "aws_subnet",
      "name": "subnet",
      "provider": "provider[\"registry.terraform.io/hashicorp/aws\"]",
      "instances": [
        {
          "schema_version": 1,
          "attributes": {
            "arn": "arn:aws:ec2:ca-central-1:350358714376:subnet/subnet-078e2b0230ef275a9",
            "assign_ipv6_address_on_creation": false,
            "availability_zone": "ca-central-1a",
            "availability_zone_id": "cac1-az1",
            "cidr_block": "10.0.20.0/24",
            "customer_owned_ipv4_pool": "",
            "enable_dns64": false,
            "enable_resource_name_dns_a_record_on_launch": false,
            "enable_resource_name_dns_aaaa_record_on_launch": false,
            "id": "subnet-078e2b0230ef275a9",
            "ipv6_cidr_block": "",
            "ipv6_cidr_block_association_id": "",
            "ipv6_native": false,
            "map_customer_owned_ip_on_launch": false,
            "map_public_ip_on_launch": false,
            "outpost_arn": "",
            "owner_id": "350358714376",
            "private_dns_hostname_type_on_launch": "ip-name",
            "tags": {
              "Name": "venus-private-subnet-01"
            },
            "tags_all": {
              "Name": "venus-private-subnet-01"
            },
            "timeouts": null,
            "vpc_id": "vpc-041eab2b3b08146ef"
          },
          "sensitive_attributes": [],
          "private": "eyJlMmJmYjczMC1lY2FhLTExZTYtOGY4OC0zNDM2M2JjN2M0YzAiOnsiY3JlYXRlIjo2MDAwMDAwMDAwMDAsImRlbGV0ZSI6MTIwMDAwMDAwMDAwMH0sInNjaGVtYV92ZXJzaW9uIjoiMSJ9",
          "dependencies": [
            "module.vpc.aws_vpc.main"
          ]
        }
      ]
    },
    {
      "module": "module.vpc.module.private_subnets[1]",
      "mode": "managed",
      "type": "aws_subnet",
      "name": "subnet",
      "provider": "provider[\"registry.terraform.io/hashicorp/aws\"]",
      "instances": [
        {
          "schema_version": 1,
          "attributes": {
            "arn": "arn:aws:ec2:ca-central-1:350358714376:subnet/subnet-03146d35ae35c3141",
            "assign_ipv6_address_on_creation": false,
            "availability_zone": "ca-central-1b",
            "availability_zone_id": "cac1-az2",
            "cidr_block": "10.0.30.0/24",
            "customer_owned_ipv4_pool": "",
            "enable_dns64": false,
            "enable_resource_name_dns_a_record_on_launch": false,
            "enable_resource_name_dns_aaaa_record_on_launch": false,
            "id": "subnet-03146d35ae35c3141",
            "ipv6_cidr_block": "",
            "ipv6_cidr_block_association_id": "",
            "ipv6_native": false,
            "map_customer_owned_ip_on_launch": false,
            "map_public_ip_on_launch": false,
            "outpost_arn": "",
            "owner_id": "350358714376",
            "private_dns_hostname_type_on_launch": "ip-name",
            "tags": {
              "Name": "venus-private-subnet-02"
            },
            "tags_all": {
              "Name": "venus-private-subnet-02"
            },
            "timeouts": null,
            "vpc_id": "vpc-041eab2b3b08146ef"
          },
          "sensitive_attributes": [],
          "private": "eyJlMmJmYjczMC1lY2FhLTExZTYtOGY4OC0zNDM2M2JjN2M0YzAiOnsiY3JlYXRlIjo2MDAwMDAwMDAwMDAsImRlbGV0ZSI6MTIwMDAwMDAwMDAwMH0sInNjaGVtYV92ZXJzaW9uIjoiMSJ9",
          "dependencies": [
            "module.vpc.aws_vpc.main"
          ]
        }
      ]
    },
    {
      "module": "module.vpc.module.public_subnet_route_table",
      "mode": "managed",
      "type": "aws_route_table",
      "name": "route_table",
      "provider": "provider[\"registry.terraform.io/hashicorp/aws\"]",
      "instances": [
        {
          "schema_version": 0,
          "attributes": {
            "arn": "arn:aws:ec2:ca-central-1:350358714376:route-table/rtb-0b2a1b6fe466f405d",
            "id": "rtb-0b2a1b6fe466f405d",
            "owner_id": "350358714376",
            "propagating_vgws": [],
            "route": [
              {
                "carrier_gateway_id": "",
                "cidr_block": "0.0.0.0/0",
                "destination_prefix_list_id": "",
                "egress_only_gateway_id": "",
                "gateway_id": "igw-033b4f925182d6aff",
                "instance_id": "",
                "ipv6_cidr_block": "",
                "local_gateway_id": "",
                "nat_gateway_id": "",
                "network_interface_id": "",
                "transit_gateway_id": "",
                "vpc_endpoint_id": "",
                "vpc_peering_connection_id": ""
              }
            ],
            "tags": {
              "Name": "venus-public-route"
            },
            "tags_all": {
              "Name": "venus-public-route"
            },
            "timeouts": null,
            "vpc_id": "vpc-041eab2b3b08146ef"
          },
          "sensitive_attributes": [],
          "private": "eyJlMmJmYjczMC1lY2FhLTExZTYtOGY4OC0zNDM2M2JjN2M0YzAiOnsiY3JlYXRlIjozMDAwMDAwMDAwMDAsImRlbGV0ZSI6MzAwMDAwMDAwMDAwLCJ1cGRhdGUiOjEyMDAwMDAwMDAwMH19",
          "dependencies": [
            "module.vpc.aws_internet_gateway.gw",
            "module.vpc.aws_vpc.main"
          ]
        }
      ]
    },
    {
      "module": "module.vpc.module.public_subnets[0]",
      "mode": "managed",
      "type": "aws_subnet",
      "name": "subnet",
      "provider": "provider[\"registry.terraform.io/hashicorp/aws\"]",
      "instances": [
        {
          "schema_version": 1,
          "attributes": {
            "arn": "arn:aws:ec2:ca-central-1:350358714376:subnet/subnet-0249a523aed814bfa",
            "assign_ipv6_address_on_creation": false,
            "availability_zone": "ca-central-1a",
            "availability_zone_id": "cac1-az1",
            "cidr_block": "10.0.0.0/24",
            "customer_owned_ipv4_pool": "",
            "enable_dns64": false,
            "enable_resource_name_dns_a_record_on_launch": false,
            "enable_resource_name_dns_aaaa_record_on_launch": false,
            "id": "subnet-0249a523aed814bfa",
            "ipv6_cidr_block": "",
            "ipv6_cidr_block_association_id": "",
            "ipv6_native": false,
            "map_customer_owned_ip_on_launch": false,
            "map_public_ip_on_launch": false,
            "outpost_arn": "",
            "owner_id": "350358714376",
            "private_dns_hostname_type_on_launch": "ip-name",
            "tags": {
              "Name": "venus-public-subnet-01"
            },
            "tags_all": {
              "Name": "venus-public-subnet-01"
            },
            "timeouts": null,
            "vpc_id": "vpc-041eab2b3b08146ef"
          },
          "sensitive_attributes": [],
          "private": "eyJlMmJmYjczMC1lY2FhLTExZTYtOGY4OC0zNDM2M2JjN2M0YzAiOnsiY3JlYXRlIjo2MDAwMDAwMDAwMDAsImRlbGV0ZSI6MTIwMDAwMDAwMDAwMH0sInNjaGVtYV92ZXJzaW9uIjoiMSJ9",
          "dependencies": [
            "module.vpc.aws_vpc.main"
          ]
        }
      ]
    },
    {
      "module": "module.vpc.module.public_subnets[1]",
      "mode": "managed",
      "type": "aws_subnet",
      "name": "subnet",
      "provider": "provider[\"registry.terraform.io/hashicorp/aws\"]",
      "instances": [
        {
          "schema_version": 1,
          "attributes": {
            "arn": "arn:aws:ec2:ca-central-1:350358714376:subnet/subnet-001f40aeb6e384ebd",
            "assign_ipv6_address_on_creation": false,
            "availability_zone": "ca-central-1b",
            "availability_zone_id": "cac1-az2",
            "cidr_block": "10.0.10.0/24",
            "customer_owned_ipv4_pool": "",
            "enable_dns64": false,
            "enable_resource_name_dns_a_record_on_launch": false,
            "enable_resource_name_dns_aaaa_record_on_launch": false,
            "id": "subnet-001f40aeb6e384ebd",
            "ipv6_cidr_block": "",
            "ipv6_cidr_block_association_id": "",
            "ipv6_native": false,
            "map_customer_owned_ip_on_launch": false,
            "map_public_ip_on_launch": false,
            "outpost_arn": "",
            "owner_id": "350358714376",
            "private_dns_hostname_type_on_launch": "ip-name",
            "tags": {
              "Name": "venus-public-subnet-02"
            },
            "tags_all": {
              "Name": "venus-public-subnet-02"
            },
            "timeouts": null,
            "vpc_id": "vpc-041eab2b3b08146ef"
          },
          "sensitive_attributes": [],
          "private": "eyJlMmJmYjczMC1lY2FhLTExZTYtOGY4OC0zNDM2M2JjN2M0YzAiOnsiY3JlYXRlIjo2MDAwMDAwMDAwMDAsImRlbGV0ZSI6MTIwMDAwMDAwMDAwMH0sInNjaGVtYV92ZXJzaW9uIjoiMSJ9",
          "dependencies": [
            "module.vpc.aws_vpc.main"
          ]
        }
      ]
    }
  ]
}
